// !$*UTF8*$!
{
	archiveVersion = 1;
	classes = {
	};
	objectVersion = 56;
	objects = {

/* Begin PBXBuildFile section */
		9E0442912B8E725700D7CB14 /* AppendAndDelete.swift in Sources */ = {isa = PBXBuildFile; fileRef = 9E0442902B8E725700D7CB14 /* AppendAndDelete.swift */; };
		9E0442B32B8F7A0B00D7CB14 /* StringsRearrangement.swift in Sources */ = {isa = PBXBuildFile; fileRef = 9E0442B22B8F7A0B00D7CB14 /* StringsRearrangement.swift */; };
		9E0442BE2B8FC73400D7CB14 /* DetectEmailAddresses.swift in Sources */ = {isa = PBXBuildFile; fileRef = 9E0442BD2B8FC73400D7CB14 /* DetectEmailAddresses.swift */; };
		9E0442C02B900D8500D7CB14 /* BiggerIsGreater.swift in Sources */ = {isa = PBXBuildFile; fileRef = 9E0442BF2B900D8500D7CB14 /* BiggerIsGreater.swift */; };
		9E0442EB2B9133DE00D7CB14 /* ChocolateFeast.swift in Sources */ = {isa = PBXBuildFile; fileRef = 9E0442EA2B9133DE00D7CB14 /* ChocolateFeast.swift */; };
		9E0442F42B94023500D7CB14 /* ExtractEachKth.swift in Sources */ = {isa = PBXBuildFile; fileRef = 9E0442F32B94023500D7CB14 /* ExtractEachKth.swift */; };
		9E0442F62B94038E00D7CB14 /* FirstDigit.swift in Sources */ = {isa = PBXBuildFile; fileRef = 9E0442F52B94038E00D7CB14 /* FirstDigit.swift */; };
		9E0442F82B9406BA00D7CB14 /* DifferentSymbolsNaive.swift in Sources */ = {isa = PBXBuildFile; fileRef = 9E0442F72B9406BA00D7CB14 /* DifferentSymbolsNaive.swift */; };
		9E0442FA2B9407E700D7CB14 /* ArrayMaxConsecutiveSum.swift in Sources */ = {isa = PBXBuildFile; fileRef = 9E0442F92B9407E700D7CB14 /* ArrayMaxConsecutiveSum.swift */; };
		9E061C5F2B7EE9DA00C24CC2 /* JumpingOnClouds.swift in Sources */ = {isa = PBXBuildFile; fileRef = 9E061C5E2B7EE9DA00C24CC2 /* JumpingOnClouds.swift */; };
		9E061C612B7EEA8D00C24CC2 /* SherlockAndSquares.swift in Sources */ = {isa = PBXBuildFile; fileRef = 9E061C602B7EEA8D00C24CC2 /* SherlockAndSquares.swift */; };
		9E061C632B7EF1A300C24CC2 /* ArrayReplace.swift in Sources */ = {isa = PBXBuildFile; fileRef = 9E061C622B7EF1A300C24CC2 /* ArrayReplace.swift */; };
		9E061C652B7EF27700C24CC2 /* EvenDigitsOnly.swift in Sources */ = {isa = PBXBuildFile; fileRef = 9E061C642B7EF27700C24CC2 /* EvenDigitsOnly.swift */; };
		9E0843932B95DD3C004C8A54 /* KnapsackLight.swift in Sources */ = {isa = PBXBuildFile; fileRef = 9E0843922B95DD3C004C8A54 /* KnapsackLight.swift */; };
		9E0843952B95E1CA004C8A54 /* LongestDigitPrefix.swift in Sources */ = {isa = PBXBuildFile; fileRef = 9E0843942B95E1CA004C8A54 /* LongestDigitPrefix.swift */; };
		9E0843A42B9686C3004C8A54 /* ExtraLongFactorials.swift in Sources */ = {isa = PBXBuildFile; fileRef = 9E0843A32B9686C3004C8A54 /* ExtraLongFactorials.swift */; };
		9E10050B2B5980120001F776 /* AppDelegate.swift in Sources */ = {isa = PBXBuildFile; fileRef = 9E10050A2B5980120001F776 /* AppDelegate.swift */; };
		9E10050D2B5980120001F776 /* SceneDelegate.swift in Sources */ = {isa = PBXBuildFile; fileRef = 9E10050C2B5980120001F776 /* SceneDelegate.swift */; };
		9E10050F2B5980120001F776 /* ViewController.swift in Sources */ = {isa = PBXBuildFile; fileRef = 9E10050E2B5980120001F776 /* ViewController.swift */; };
		9E1005122B5980120001F776 /* Main.storyboard in Resources */ = {isa = PBXBuildFile; fileRef = 9E1005102B5980120001F776 /* Main.storyboard */; };
		9E1005142B5980130001F776 /* Assets.xcassets in Resources */ = {isa = PBXBuildFile; fileRef = 9E1005132B5980130001F776 /* Assets.xcassets */; };
		9E1005172B5980130001F776 /* LaunchScreen.storyboard in Resources */ = {isa = PBXBuildFile; fileRef = 9E1005152B5980130001F776 /* LaunchScreen.storyboard */; };
		9E10051F2B59804D0001F776 /* FlippingTheMatrix.swift in Sources */ = {isa = PBXBuildFile; fileRef = 9E10051E2B59804D0001F776 /* FlippingTheMatrix.swift */; };
		9E1005212B59C0A70001F776 /* CaesarsCipher.swift in Sources */ = {isa = PBXBuildFile; fileRef = 9E1005202B59C0A70001F776 /* CaesarsCipher.swift */; };
		9E1005912B5BE4F20001F776 /* String+Extension.swift in Sources */ = {isa = PBXBuildFile; fileRef = 9E1005902B5BE4F20001F776 /* String+Extension.swift */; };
		9E145FBB2B6FF94200801FC7 /* DrawingBook.swift in Sources */ = {isa = PBXBuildFile; fileRef = 9E145FBA2B6FF94200801FC7 /* DrawingBook.swift */; };
		9E145FBD2B703C9000801FC7 /* Sudoku2.swift in Sources */ = {isa = PBXBuildFile; fileRef = 9E145FBC2B703C9000801FC7 /* Sudoku2.swift */; };
		9E145FBF2B70444200801FC7 /* Encryption.swift in Sources */ = {isa = PBXBuildFile; fileRef = 9E145FBE2B70444200801FC7 /* Encryption.swift */; };
		9E145FC32B707EE200801FC7 /* CountingValleys.swift in Sources */ = {isa = PBXBuildFile; fileRef = 9E145FC22B707EE200801FC7 /* CountingValleys.swift */; };
		9E2738C02B7AA9AA0082116E /* AreSimilar.swift in Sources */ = {isa = PBXBuildFile; fileRef = 9E2738BF2B7AA9AA0082116E /* AreSimilar.swift */; };
		9E2738C22B7AC5930082116E /* ArrayChange.swift in Sources */ = {isa = PBXBuildFile; fileRef = 9E2738C12B7AC5930082116E /* ArrayChange.swift */; };
		9E2738C42B7AC8140082116E /* PalindromeRearranging.swift in Sources */ = {isa = PBXBuildFile; fileRef = 9E2738C32B7AC8140082116E /* PalindromeRearranging.swift */; };
		9E2738C62B7AD2080082116E /* AreEquallyStrong.swift in Sources */ = {isa = PBXBuildFile; fileRef = 9E2738C52B7AD2080082116E /* AreEquallyStrong.swift */; };
		9E2738C82B7AF60C0082116E /* SameTextAgainAndAgain.swift in Sources */ = {isa = PBXBuildFile; fileRef = 9E2738C72B7AF60C0082116E /* SameTextAgainAndAgain.swift */; };
		9E2738CA2B7AFA730082116E /* BackreferencesToFailedGroups.swift in Sources */ = {isa = PBXBuildFile; fileRef = 9E2738C92B7AFA730082116E /* BackreferencesToFailedGroups.swift */; };
		9E2738CC2B7AFCB00082116E /* BranchResetGroups.swift in Sources */ = {isa = PBXBuildFile; fileRef = 9E2738CB2B7AFCAF0082116E /* BranchResetGroups.swift */; };
		9E2738CE2B7AFE0D0082116E /* ForwardReferences.swift in Sources */ = {isa = PBXBuildFile; fileRef = 9E2738CD2B7AFE0D0082116E /* ForwardReferences.swift */; };
		9E2B7D812B688C89005C84C7 /* AppleAndOrange.swift in Sources */ = {isa = PBXBuildFile; fileRef = 9E2B7D802B688C89005C84C7 /* AppleAndOrange.swift */; };
		9E2B7D832B691DCB005C84C7 /* ElectronicsShop.swift in Sources */ = {isa = PBXBuildFile; fileRef = 9E2B7D822B691DCB005C84C7 /* ElectronicsShop.swift */; };
		9E2B7D8B2B692028005C84C7 /* HackerrankTests.swift in Sources */ = {isa = PBXBuildFile; fileRef = 9E2B7D8A2B692028005C84C7 /* HackerrankTests.swift */; };
		9E309CF32B602F7A00527807 /* NewYearChaos.swift in Sources */ = {isa = PBXBuildFile; fileRef = 9E309CF22B602F7A00527807 /* NewYearChaos.swift */; };
		9E4827B12B84D6840095F74C /* MinimumDistances.swift in Sources */ = {isa = PBXBuildFile; fileRef = 9E4827B02B84D6840095F74C /* MinimumDistances.swift */; };
		9E4827B32B84D9E70095F74C /* DepositProfile.swift in Sources */ = {isa = PBXBuildFile; fileRef = 9E4827B22B84D9E70095F74C /* DepositProfile.swift */; };
		9E5241102B7BD0F60023C5D8 /* DesignerPDFViewer.swift in Sources */ = {isa = PBXBuildFile; fileRef = 9E52410F2B7BD0F60023C5D8 /* DesignerPDFViewer.swift */; };
		9E5241122B7BD3F00023C5D8 /* FormingAMagicSquare.swift in Sources */ = {isa = PBXBuildFile; fileRef = 9E5241112B7BD3F00023C5D8 /* FormingAMagicSquare.swift */; };
		9E5241142B7BE3C00023C5D8 /* ArrayMaximalAdjacentDifference.swift in Sources */ = {isa = PBXBuildFile; fileRef = 9E5241132B7BE3C00023C5D8 /* ArrayMaximalAdjacentDifference.swift */; };
		9E5241162B7BE4970023C5D8 /* IsIPV4Address.swift in Sources */ = {isa = PBXBuildFile; fileRef = 9E5241152B7BE4970023C5D8 /* IsIPV4Address.swift */; };
		9E5241182B7BF10B0023C5D8 /* SecurityFunctions.swift in Sources */ = {isa = PBXBuildFile; fileRef = 9E5241172B7BF10B0023C5D8 /* SecurityFunctions.swift */; };
		9E52411B2B7BF2170023C5D8 /* SecurityFunctionsII.swift in Sources */ = {isa = PBXBuildFile; fileRef = 9E52411A2B7BF2170023C5D8 /* SecurityFunctionsII.swift */; };
		9E52B90F2B81875A00F6B601 /* ChessBoardCellColor.swift in Sources */ = {isa = PBXBuildFile; fileRef = 9E52B90E2B81875A00F6B601 /* ChessBoardCellColor.swift */; };
		9E52B9112B82509900F6B601 /* DetectHTMLLinks.swift in Sources */ = {isa = PBXBuildFile; fileRef = 9E52B9102B82509900F6B601 /* DetectHTMLLinks.swift */; };
		9E5F160F2B74E4BF00C0F29A /* MergeTwoLinkedLists.swift in Sources */ = {isa = PBXBuildFile; fileRef = 9E5F160E2B74E4BF00C0F29A /* MergeTwoLinkedLists.swift */; };
		9E5F16112B74ECE900C0F29A /* BeautifulDaysAtTheMovies.swift in Sources */ = {isa = PBXBuildFile; fileRef = 9E5F16102B74ECE900C0F29A /* BeautifulDaysAtTheMovies.swift */; };
		9E5F16132B7549AF00C0F29A /* FindDigits.swift in Sources */ = {isa = PBXBuildFile; fileRef = 9E5F16122B7549AF00C0F29A /* FindDigits.swift */; };
		9E5F16152B754AAD00C0F29A /* CutTheSticks.swift in Sources */ = {isa = PBXBuildFile; fileRef = 9E5F16142B754AAD00C0F29A /* CutTheSticks.swift */; };
		9E64B50D2B5C22EF004A062A /* TowerBreakers.swift in Sources */ = {isa = PBXBuildFile; fileRef = 9E64B50C2B5C22EF004A062A /* TowerBreakers.swift */; };
		9E64B50F2B5C7063004A062A /* PalindromeIndex.swift in Sources */ = {isa = PBXBuildFile; fileRef = 9E64B50E2B5C7063004A062A /* PalindromeIndex.swift */; };
		9E663BF02B62F2F300B9ACC5 /* GradingStudents.swift in Sources */ = {isa = PBXBuildFile; fileRef = 9E663BEF2B62F2F300B9ACC5 /* GradingStudents.swift */; };
		9E663BF22B6302F300B9ACC5 /* DynamicArray.swift in Sources */ = {isa = PBXBuildFile; fileRef = 9E663BF12B6302F300B9ACC5 /* DynamicArray.swift */; };
		9E663BF42B632A3400B9ACC5 /* LeftRotation.swift in Sources */ = {isa = PBXBuildFile; fileRef = 9E663BF32B632A3400B9ACC5 /* LeftRotation.swift */; };
		9E663BF62B64188100B9ACC5 /* QueueUsingTwoStacks.swift in Sources */ = {isa = PBXBuildFile; fileRef = 9E663BF52B64188100B9ACC5 /* QueueUsingTwoStacks.swift */; };
		9E663BFA2B648FB300B9ACC5 /* BreakingRecords.swift in Sources */ = {isa = PBXBuildFile; fileRef = 9E663BF92B648FB300B9ACC5 /* BreakingRecords.swift */; };
		9E689B1B2B7D57D0003066A4 /* Minesweeper.swift in Sources */ = {isa = PBXBuildFile; fileRef = 9E689B1A2B7D57D0003066A4 /* Minesweeper.swift */; };
		9E689B1D2B7D5C60003066A4 /* AddTwoDigits.swift in Sources */ = {isa = PBXBuildFile; fileRef = 9E689B1C2B7D5C60003066A4 /* AddTwoDigits.swift */; };
		9E6D05AE2B7A8F470057A5CB /* AlternativeMatching.swift in Sources */ = {isa = PBXBuildFile; fileRef = 9E6D05AD2B7A8F470057A5CB /* AlternativeMatching.swift */; };
		9E6D05B02B7A94460057A5CB /* PickingNumbers.swift in Sources */ = {isa = PBXBuildFile; fileRef = 9E6D05AF2B7A94460057A5CB /* PickingNumbers.swift */; };
		9E6DBD462B764B3100BFDEA6 /* CircularArrayRotation.swift in Sources */ = {isa = PBXBuildFile; fileRef = 9E6DBD452B764B3100BFDEA6 /* CircularArrayRotation.swift */; };
		9E6DBD492B76886600BFDEA6 /* GoodVsEvil.swift in Sources */ = {isa = PBXBuildFile; fileRef = 9E6DBD482B76886600BFDEA6 /* GoodVsEvil.swift */; };
		9E6DBD4B2B76CAD800BFDEA6 /* TwoSum.swift in Sources */ = {isa = PBXBuildFile; fileRef = 9E6DBD4A2B76CAD800BFDEA6 /* TwoSum.swift */; };
		9E6DBD4F2B76EC3300BFDEA6 /* ListNode.swift in Sources */ = {isa = PBXBuildFile; fileRef = 9E6DBD4E2B76EC3300BFDEA6 /* ListNode.swift */; };
		9E71B6E12B6BEB200045A927 /* SubarrayDivision.swift in Sources */ = {isa = PBXBuildFile; fileRef = 9E71B6E02B6BEB200045A927 /* SubarrayDivision.swift */; };
		9E71B6E32B6BF28E0045A927 /* DivisibleSumPairs.swift in Sources */ = {isa = PBXBuildFile; fileRef = 9E71B6E22B6BF28E0045A927 /* DivisibleSumPairs.swift */; };
		9E772DC52B69743A00074446 /* MinimumAbsoluteDifference.swift in Sources */ = {isa = PBXBuildFile; fileRef = 9E772DC42B69743A00074446 /* MinimumAbsoluteDifference.swift */; };
		9E7890832B61A08B001F9FD6 /* TrackTour.swift in Sources */ = {isa = PBXBuildFile; fileRef = 9E7890822B61A08B001F9FD6 /* TrackTour.swift */; };
		9E7890852B61A925001F9FD6 /* AVeryBigSum.swift in Sources */ = {isa = PBXBuildFile; fileRef = 9E7890842B61A925001F9FD6 /* AVeryBigSum.swift */; };
		9E7890872B61AA64001F9FD6 /* CompareTheTriplets.swift in Sources */ = {isa = PBXBuildFile; fileRef = 9E7890862B61AA64001F9FD6 /* CompareTheTriplets.swift */; };
		9E7890892B61AB52001F9FD6 /* PlusMinus.swift in Sources */ = {isa = PBXBuildFile; fileRef = 9E7890882B61AB52001F9FD6 /* PlusMinus.swift */; };
		9E78908B2B61EA8C001F9FD6 /* Staircase.swift in Sources */ = {isa = PBXBuildFile; fileRef = 9E78908A2B61EA8C001F9FD6 /* Staircase.swift */; };
		9E78908D2B61EC7C001F9FD6 /* MiniMaxSum.swift in Sources */ = {isa = PBXBuildFile; fileRef = 9E78908C2B61EC7C001F9FD6 /* MiniMaxSum.swift */; };
		9E78908F2B61EDCD001F9FD6 /* TimeConversion.swift in Sources */ = {isa = PBXBuildFile; fileRef = 9E78908E2B61EDCD001F9FD6 /* TimeConversion.swift */; };
		9E7890912B61EE57001F9FD6 /* BirthdayCakeCandles.swift in Sources */ = {isa = PBXBuildFile; fileRef = 9E7890902B61EE57001F9FD6 /* BirthdayCakeCandles.swift */; };
		9E833DF52B712908006222DB /* LinkedList.swift in Sources */ = {isa = PBXBuildFile; fileRef = 9E833DF42B712908006222DB /* LinkedList.swift */; };
		9E833DF72B712B3F006222DB /* MergeTwoSortedLinkedLists.swift in Sources */ = {isa = PBXBuildFile; fileRef = 9E833DF62B712B3F006222DB /* MergeTwoSortedLinkedLists.swift */; };
		9E833DF92B7133BF006222DB /* Pairs.swift in Sources */ = {isa = PBXBuildFile; fileRef = 9E833DF82B7133BF006222DB /* Pairs.swift */; };
		9E833DFB2B714197006222DB /* IsCryptSolution.swift in Sources */ = {isa = PBXBuildFile; fileRef = 9E833DFA2B714197006222DB /* IsCryptSolution.swift */; };
		9E833DFF2B717356006222DB /* CatsAndAMouse.swift in Sources */ = {isa = PBXBuildFile; fileRef = 9E833DFE2B717356006222DB /* CatsAndAMouse.swift */; };
		9E833E032B71C225006222DB /* RemoveKFromList.swift in Sources */ = {isa = PBXBuildFile; fileRef = 9E833E022B71C225006222DB /* RemoveKFromList.swift */; };
		9E833E072B726D81006222DB /* LonelyInteger.swift in Sources */ = {isa = PBXBuildFile; fileRef = 9E833E062B726D81006222DB /* LonelyInteger.swift */; };
		9E833E092B726E88006222DB /* MaximizingXOR.swift in Sources */ = {isa = PBXBuildFile; fileRef = 9E833E082B726E88006222DB /* MaximizingXOR.swift */; };
		9E833E0D2B72895A006222DB /* IsListPalindrome.swift in Sources */ = {isa = PBXBuildFile; fileRef = 9E833E0C2B72895A006222DB /* IsListPalindrome.swift */; };
		9E833E0F2B729D9C006222DB /* UtopianTree.swift in Sources */ = {isa = PBXBuildFile; fileRef = 9E833E0E2B729D9C006222DB /* UtopianTree.swift */; };
		9E833E112B72ADC4006222DB /* QueensAttack2.swift in Sources */ = {isa = PBXBuildFile; fileRef = 9E833E102B72ADC4006222DB /* QueensAttack2.swift */; };
		9E833E132B731D96006222DB /* HurdleRace.swift in Sources */ = {isa = PBXBuildFile; fileRef = 9E833E122B731D96006222DB /* HurdleRace.swift */; };
		9E833E152B73A2CF006222DB /* AngryProfessor.swift in Sources */ = {isa = PBXBuildFile; fileRef = 9E833E142B73A2CF006222DB /* AngryProfessor.swift */; };
		9E84C5312B6966C100E5C6A4 /* NumberLineJumps.swift in Sources */ = {isa = PBXBuildFile; fileRef = 9E84C5302B6966C100E5C6A4 /* NumberLineJumps.swift */; };
		9E94EF162B94B6F20046E481 /* GrowingPlant.swift in Sources */ = {isa = PBXBuildFile; fileRef = 9E94EF152B94B6F20046E481 /* GrowingPlant.swift */; };
		9E9CB1402B8E0BD2005E90FB /* EvenZerosAndOddOnes.swift in Sources */ = {isa = PBXBuildFile; fileRef = 9E9CB13F2B8E0BD2005E90FB /* EvenZerosAndOddOnes.swift */; };
		9EA022ED2B7BF4A6008D3D12 /* SecurityBijectiveFunctions.swift in Sources */ = {isa = PBXBuildFile; fileRef = 9EA022EC2B7BF4A6008D3D12 /* SecurityBijectiveFunctions.swift */; };
		9EA023092B7C3696008D3D12 /* AvoidObstacles.swift in Sources */ = {isa = PBXBuildFile; fileRef = 9EA023082B7C3696008D3D12 /* AvoidObstacles.swift */; };
		9EA0230B2B7C3B3C008D3D12 /* BoxBlur.swift in Sources */ = {isa = PBXBuildFile; fileRef = 9EA0230A2B7C3B3C008D3D12 /* BoxBlur.swift */; };
		9EA0230D2B7C4C99008D3D12 /* ViralAdvertising.swift in Sources */ = {isa = PBXBuildFile; fileRef = 9EA0230C2B7C4C99008D3D12 /* ViralAdvertising.swift */; };
		9EA0230F2B7C4FDC008D3D12 /* SaveThePrisoner.swift in Sources */ = {isa = PBXBuildFile; fileRef = 9EA0230E2B7C4FDC008D3D12 /* SaveThePrisoner.swift */; };
		9EA0D3402B978E2700F68045 /* DigitDegree.swift in Sources */ = {isa = PBXBuildFile; fileRef = 9EA0D33F2B978E2700F68045 /* DigitDegree.swift */; };
		9EA1CAD12B73E8A300B32BB7 /* AddTwoHugeNumbers.swift in Sources */ = {isa = PBXBuildFile; fileRef = 9EA1CAD02B73E8A300B32BB7 /* AddTwoHugeNumbers.swift */; };
		9EA2AB482B86A3C800F49CEB /* AbsoluteValuesSumMinimization.swift in Sources */ = {isa = PBXBuildFile; fileRef = 9EA2AB472B86A3C800F49CEB /* AbsoluteValuesSumMinimization.swift */; };
		9EA2AB4A2B8C022C00F49CEB /* AlienUsername.swift in Sources */ = {isa = PBXBuildFile; fileRef = 9EA2AB492B8C022C00F49CEB /* AlienUsername.swift */; };
		9EAF9E612B77A4880079764C /* SequenceEquation.swift in Sources */ = {isa = PBXBuildFile; fileRef = 9EAF9E602B77A4880079764C /* SequenceEquation.swift */; };
		9EAF9E632B77CAF30079764C /* NewRoadSystem.swift in Sources */ = {isa = PBXBuildFile; fileRef = 9EAF9E622B77CAF30079764C /* NewRoadSystem.swift */; };
		9EAF9E652B77DBEE0079764C /* RoadsBuilding.swift in Sources */ = {isa = PBXBuildFile; fileRef = 9EAF9E642B77DBEE0079764C /* RoadsBuilding.swift */; };
		9EAF9E672B77DF010079764C /* DigitalRoot.swift in Sources */ = {isa = PBXBuildFile; fileRef = 9EAF9E662B77DF010079764C /* DigitalRoot.swift */; };
		9EAF9E6B2B77E1080079764C /* Int+Extension.swift in Sources */ = {isa = PBXBuildFile; fileRef = 9EAF9E6A2B77E1080079764C /* Int+Extension.swift */; };
		9EAF9E6D2B77E27A0079764C /* SumOfTwoSmallestIntegers.swift in Sources */ = {isa = PBXBuildFile; fileRef = 9EAF9E6C2B77E27A0079764C /* SumOfTwoSmallestIntegers.swift */; };
		9EAF9E6F2B77FA7B0079764C /* AdjacentElementsProduct.swift in Sources */ = {isa = PBXBuildFile; fileRef = 9EAF9E6E2B77FA7B0079764C /* AdjacentElementsProduct.swift */; };
		9EAF9E712B77FB200079764C /* ShapeArea.swift in Sources */ = {isa = PBXBuildFile; fileRef = 9EAF9E702B77FB200079764C /* ShapeArea.swift */; };
		9EAF9E732B77FE300079764C /* MakeArrayConsecutive2.swift in Sources */ = {isa = PBXBuildFile; fileRef = 9EAF9E722B77FE300079764C /* MakeArrayConsecutive2.swift */; };
		9EAF9E752B77FF800079764C /* AlmostIncreasingSequence.swift in Sources */ = {isa = PBXBuildFile; fileRef = 9EAF9E742B77FF800079764C /* AlmostIncreasingSequence.swift */; };
		9EAF9E772B7804A70079764C /* MatrixElementsSum.swift in Sources */ = {isa = PBXBuildFile; fileRef = 9EAF9E762B7804A70079764C /* MatrixElementsSum.swift */; };
		9EAF9E792B7806FB0079764C /* AllLongestStrings.swift in Sources */ = {isa = PBXBuildFile; fileRef = 9EAF9E782B7806FB0079764C /* AllLongestStrings.swift */; };
		9EAF9E7B2B7833DA0079764C /* CommonCharacterCount.swift in Sources */ = {isa = PBXBuildFile; fileRef = 9EAF9E7A2B7833DA0079764C /* CommonCharacterCount.swift */; };
		9EAF9E7D2B78437A0079764C /* IsLucky.swift in Sources */ = {isa = PBXBuildFile; fileRef = 9EAF9E7C2B78437A0079764C /* IsLucky.swift */; };
		9EAF9E7F2B7846130079764C /* SortByHeight.swift in Sources */ = {isa = PBXBuildFile; fileRef = 9EAF9E7E2B7846130079764C /* SortByHeight.swift */; };
		9EAF9E812B784AD50079764C /* ReverseInParentheses.swift in Sources */ = {isa = PBXBuildFile; fileRef = 9EAF9E802B784AD50079764C /* ReverseInParentheses.swift */; };
		9EAF9E832B78503C0079764C /* Queue.swift in Sources */ = {isa = PBXBuildFile; fileRef = 9EAF9E822B78503C0079764C /* Queue.swift */; };
		9EAF9E852B78E1260079764C /* NSRegularExpression+Extension.swift in Sources */ = {isa = PBXBuildFile; fileRef = 9EAF9E842B78E1260079764C /* NSRegularExpression+Extension.swift */; };
		9EAF9E872B78E8180079764C /* AnythingButANewLine.swift in Sources */ = {isa = PBXBuildFile; fileRef = 9EAF9E862B78E8180079764C /* AnythingButANewLine.swift */; };
		9EAF9E8A2B78E84C0079764C /* RegexProblem.swift in Sources */ = {isa = PBXBuildFile; fileRef = 9EAF9E892B78E84C0079764C /* RegexProblem.swift */; };
		9EAF9E8C2B78F6F20079764C /* DigitsAndNonDigitsCharacters.swift in Sources */ = {isa = PBXBuildFile; fileRef = 9EAF9E8B2B78F6F20079764C /* DigitsAndNonDigitsCharacters.swift */; };
		9EAF9E8E2B78F9000079764C /* WhitespaceAndNonWhitespaceCharacter.swift in Sources */ = {isa = PBXBuildFile; fileRef = 9EAF9E8D2B78F9000079764C /* WhitespaceAndNonWhitespaceCharacter.swift */; };
		9EAF9E902B78F9C40079764C /* WordAndNonWordCharacter.swift in Sources */ = {isa = PBXBuildFile; fileRef = 9EAF9E8F2B78F9C40079764C /* WordAndNonWordCharacter.swift */; };
		9EAF9E922B78FAA70079764C /* StartAndEnd.swift in Sources */ = {isa = PBXBuildFile; fileRef = 9EAF9E912B78FAA70079764C /* StartAndEnd.swift */; };
		9EAF9E942B78FBE60079764C /* SpecificCharacters.swift in Sources */ = {isa = PBXBuildFile; fileRef = 9EAF9E932B78FBE60079764C /* SpecificCharacters.swift */; };
		9EAF9E962B78FDCD0079764C /* DayOfTheProgrammer.swift in Sources */ = {isa = PBXBuildFile; fileRef = 9EAF9E952B78FDCD0079764C /* DayOfTheProgrammer.swift */; };
		9EAF9E982B790CB60079764C /* AlternatingSums.swift in Sources */ = {isa = PBXBuildFile; fileRef = 9EAF9E972B790CB60079764C /* AlternatingSums.swift */; };
		9EAF9E9A2B790DF70079764C /* AddBorder.swift in Sources */ = {isa = PBXBuildFile; fileRef = 9EAF9E992B790DF70079764C /* AddBorder.swift */; };
		9EAF9E9E2B7916740079764C /* ExcludingSpecificCharacters.swift in Sources */ = {isa = PBXBuildFile; fileRef = 9EAF9E9D2B7916740079764C /* ExcludingSpecificCharacters.swift */; };
		9EAF9EA02B791BD40079764C /* CharacterRanges.swift in Sources */ = {isa = PBXBuildFile; fileRef = 9EAF9E9F2B791BD40079764C /* CharacterRanges.swift */; };
		9EAF9EA22B79211E0079764C /* MatchingXRepetitions.swift in Sources */ = {isa = PBXBuildFile; fileRef = 9EAF9EA12B79211E0079764C /* MatchingXRepetitions.swift */; };
		9EAF9EA42B7928860079764C /* MatchingXYRepetitions.swift in Sources */ = {isa = PBXBuildFile; fileRef = 9EAF9EA32B7928860079764C /* MatchingXYRepetitions.swift */; };
		9EAF9EA62B792A140079764C /* ZeroOrMoreRepetitions.swift in Sources */ = {isa = PBXBuildFile; fileRef = 9EAF9EA52B792A140079764C /* ZeroOrMoreRepetitions.swift */; };
		9EAF9EA82B7941520079764C /* OneOrMoreRepetitions.swift in Sources */ = {isa = PBXBuildFile; fileRef = 9EAF9EA72B7941520079764C /* OneOrMoreRepetitions.swift */; };
		9EAF9EAA2B7942330079764C /* EndingItems.swift in Sources */ = {isa = PBXBuildFile; fileRef = 9EAF9EA92B7942330079764C /* EndingItems.swift */; };
		9EAF9EAC2B7943790079764C /* SplitThePhoneNumbers.swift in Sources */ = {isa = PBXBuildFile; fileRef = 9EAF9EAB2B7943790079764C /* SplitThePhoneNumbers.swift */; };
		9EAF9EB12B799EC40079764C /* WordBoundaries.swift in Sources */ = {isa = PBXBuildFile; fileRef = 9EAF9EB02B799EC40079764C /* WordBoundaries.swift */; };
		9EAF9EB32B79A31A0079764C /* CapturingAndNonCapturingGroups.swift in Sources */ = {isa = PBXBuildFile; fileRef = 9EAF9EB22B79A31A0079764C /* CapturingAndNonCapturingGroups.swift */; };
		9EBE207B2B65E18100FA5C62 /* DiagonalDifference.swift in Sources */ = {isa = PBXBuildFile; fileRef = 9EBE207A2B65E18100FA5C62 /* DiagonalDifference.swift */; };
		9EDE68C32B5F0D8700BC50A3 /* GridChallenge.swift in Sources */ = {isa = PBXBuildFile; fileRef = 9EDE68C22B5F0D8700BC50A3 /* GridChallenge.swift */; };
		9EDE68C52B5FE06800BC50A3 /* RecursiveDigitSum.swift in Sources */ = {isa = PBXBuildFile; fileRef = 9EDE68C42B5FE06800BC50A3 /* RecursiveDigitSum.swift */; };
		9EE0CECF2B6D52C000D27AFA /* BalancedBrackets.swift in Sources */ = {isa = PBXBuildFile; fileRef = 9EE0CECE2B6D52C000D27AFA /* BalancedBrackets.swift */; };
		9EE0CED32B6D542900D27AFA /* Stack.swift in Sources */ = {isa = PBXBuildFile; fileRef = 9EE0CED22B6D542900D27AFA /* Stack.swift */; };
		9EE0CED52B6E4D4200D27AFA /* MigratoryBirds.swift in Sources */ = {isa = PBXBuildFile; fileRef = 9EE0CED42B6E4D4200D27AFA /* MigratoryBirds.swift */; };
		9EE0CED92B6F1ACC00D27AFA /* BillDivision.swift in Sources */ = {isa = PBXBuildFile; fileRef = 9EE0CED82B6F1ACC00D27AFA /* BillDivision.swift */; };
		9EE0CEDB2B6FA2ED00D27AFA /* FirstDuplicate.swift in Sources */ = {isa = PBXBuildFile; fileRef = 9EE0CEDA2B6FA2ED00D27AFA /* FirstDuplicate.swift */; };
		9EE0CEE12B6FA4DE00D27AFA /* FirstNotRepeatingCharacter.swift in Sources */ = {isa = PBXBuildFile; fileRef = 9EE0CEE02B6FA4DE00D27AFA /* FirstNotRepeatingCharacter.swift */; };
		9EE0CEE32B6FA80800D27AFA /* CenturyFromYear.swift in Sources */ = {isa = PBXBuildFile; fileRef = 9EE0CEE22B6FA80800D27AFA /* CenturyFromYear.swift */; };
		9EE0CEE52B6FA92D00D27AFA /* CheckPalindrome.swift in Sources */ = {isa = PBXBuildFile; fileRef = 9EE0CEE42B6FA92D00D27AFA /* CheckPalindrome.swift */; };
		9EE0CEE72B6FAD9D00D27AFA /* SalesByMatch.swift in Sources */ = {isa = PBXBuildFile; fileRef = 9EE0CEE62B6FAD9D00D27AFA /* SalesByMatch.swift */; };
		9EE0CEE92B6FCDE700D27AFA /* RotateMatrix.swift in Sources */ = {isa = PBXBuildFile; fileRef = 9EE0CEE82B6FCDE700D27AFA /* RotateMatrix.swift */; };
		9EE2344F2B7FD74500EBF20E /* VariableName.swift in Sources */ = {isa = PBXBuildFile; fileRef = 9EE2344E2B7FD74500EBF20E /* VariableName.swift */; };
		9EE234512B7FDA3300EBF20E /* EqualizeTheArray.swift in Sources */ = {isa = PBXBuildFile; fileRef = 9EE234502B7FDA3300EBF20E /* EqualizeTheArray.swift */; };
		9EE234532B7FDBA700EBF20E /* BeautifulTriplets.swift in Sources */ = {isa = PBXBuildFile; fileRef = 9EE234522B7FDBA700EBF20E /* BeautifulTriplets.swift */; };
		9EE234552B804A6500EBF20E /* DetectHTMLTags.swift in Sources */ = {isa = PBXBuildFile; fileRef = 9EE234542B804A6500EBF20E /* DetectHTMLTags.swift */; };
		9EE234572B81690100EBF20E /* LibraryFines.swift in Sources */ = {isa = PBXBuildFile; fileRef = 9EE234562B81690100EBF20E /* LibraryFines.swift */; };
		9EE234592B816AFD00EBF20E /* AlphabeticShift.swift in Sources */ = {isa = PBXBuildFile; fileRef = 9EE234582B816AFD00EBF20E /* AlphabeticShift.swift */; };
		9EE31C612B6AB04A00B69E9E /* BetweenTwoSets.swift in Sources */ = {isa = PBXBuildFile; fileRef = 9EE31C602B6AB04A00B69E9E /* BetweenTwoSets.swift */; };
		9EE31C642B6AB33400B69E9E /* Array+Extension.swift in Sources */ = {isa = PBXBuildFile; fileRef = 9EE31C632B6AB33400B69E9E /* Array+Extension.swift */; };
		9EE59ADF2B839D250095B729 /* CircleOfNumbers.swift in Sources */ = {isa = PBXBuildFile; fileRef = 9EE59ADE2B839D250095B729 /* CircleOfNumbers.swift */; };
		9EE59AE12B839F690095B729 /* HalloweenSale.swift in Sources */ = {isa = PBXBuildFile; fileRef = 9EE59AE02B839F690095B729 /* HalloweenSale.swift */; };
		9EE914D32B94B9EE0000D8CF /* ClimbingTheLeaderboard.swift in Sources */ = {isa = PBXBuildFile; fileRef = 9EE914D22B94B9EE0000D8CF /* ClimbingTheLeaderboard.swift */; };
		9EEC741C2B7DA1C9005AC64D /* PositiveLookahead.swift in Sources */ = {isa = PBXBuildFile; fileRef = 9EEC741B2B7DA1C9005AC64D /* PositiveLookahead.swift */; };
		9EEC741E2B7DA2F0005AC64D /* NegativeLookahead.swift in Sources */ = {isa = PBXBuildFile; fileRef = 9EEC741D2B7DA2F0005AC64D /* NegativeLookahead.swift */; };
		9EEC74202B7DA687005AC64D /* PositiveLookbehind.swift in Sources */ = {isa = PBXBuildFile; fileRef = 9EEC741F2B7DA687005AC64D /* PositiveLookbehind.swift */; };
		9EEC74222B7DA785005AC64D /* NegativeLookbehind.swift in Sources */ = {isa = PBXBuildFile; fileRef = 9EEC74212B7DA785005AC64D /* NegativeLookbehind.swift */; };
/* End PBXBuildFile section */

/* Begin PBXContainerItemProxy section */
		9E2B7D8C2B692028005C84C7 /* PBXContainerItemProxy */ = {
			isa = PBXContainerItemProxy;
			containerPortal = 9E1004FF2B5980120001F776 /* Project object */;
			proxyType = 1;
			remoteGlobalIDString = 9E1005062B5980120001F776;
			remoteInfo = Hackerrank;
		};
/* End PBXContainerItemProxy section */

/* Begin PBXFileReference section */
		9E0442902B8E725700D7CB14 /* AppendAndDelete.swift */ = {isa = PBXFileReference; lastKnownFileType = sourcecode.swift; path = AppendAndDelete.swift; sourceTree = "<group>"; };
		9E0442B22B8F7A0B00D7CB14 /* StringsRearrangement.swift */ = {isa = PBXFileReference; lastKnownFileType = sourcecode.swift; path = StringsRearrangement.swift; sourceTree = "<group>"; };
		9E0442BD2B8FC73400D7CB14 /* DetectEmailAddresses.swift */ = {isa = PBXFileReference; lastKnownFileType = sourcecode.swift; path = DetectEmailAddresses.swift; sourceTree = "<group>"; };
		9E0442BF2B900D8500D7CB14 /* BiggerIsGreater.swift */ = {isa = PBXFileReference; lastKnownFileType = sourcecode.swift; path = BiggerIsGreater.swift; sourceTree = "<group>"; };
		9E0442EA2B9133DE00D7CB14 /* ChocolateFeast.swift */ = {isa = PBXFileReference; lastKnownFileType = sourcecode.swift; path = ChocolateFeast.swift; sourceTree = "<group>"; };
		9E0442F32B94023500D7CB14 /* ExtractEachKth.swift */ = {isa = PBXFileReference; lastKnownFileType = sourcecode.swift; path = ExtractEachKth.swift; sourceTree = "<group>"; };
		9E0442F52B94038E00D7CB14 /* FirstDigit.swift */ = {isa = PBXFileReference; lastKnownFileType = sourcecode.swift; path = FirstDigit.swift; sourceTree = "<group>"; };
		9E0442F72B9406BA00D7CB14 /* DifferentSymbolsNaive.swift */ = {isa = PBXFileReference; lastKnownFileType = sourcecode.swift; path = DifferentSymbolsNaive.swift; sourceTree = "<group>"; };
		9E0442F92B9407E700D7CB14 /* ArrayMaxConsecutiveSum.swift */ = {isa = PBXFileReference; lastKnownFileType = sourcecode.swift; path = ArrayMaxConsecutiveSum.swift; sourceTree = "<group>"; };
		9E061C5E2B7EE9DA00C24CC2 /* JumpingOnClouds.swift */ = {isa = PBXFileReference; lastKnownFileType = sourcecode.swift; path = JumpingOnClouds.swift; sourceTree = "<group>"; };
		9E061C602B7EEA8D00C24CC2 /* SherlockAndSquares.swift */ = {isa = PBXFileReference; lastKnownFileType = sourcecode.swift; path = SherlockAndSquares.swift; sourceTree = "<group>"; };
		9E061C622B7EF1A300C24CC2 /* ArrayReplace.swift */ = {isa = PBXFileReference; lastKnownFileType = sourcecode.swift; path = ArrayReplace.swift; sourceTree = "<group>"; };
		9E061C642B7EF27700C24CC2 /* EvenDigitsOnly.swift */ = {isa = PBXFileReference; lastKnownFileType = sourcecode.swift; path = EvenDigitsOnly.swift; sourceTree = "<group>"; };
		9E0843922B95DD3C004C8A54 /* KnapsackLight.swift */ = {isa = PBXFileReference; lastKnownFileType = sourcecode.swift; path = KnapsackLight.swift; sourceTree = "<group>"; };
		9E0843942B95E1CA004C8A54 /* LongestDigitPrefix.swift */ = {isa = PBXFileReference; lastKnownFileType = sourcecode.swift; path = LongestDigitPrefix.swift; sourceTree = "<group>"; };
		9E0843A32B9686C3004C8A54 /* ExtraLongFactorials.swift */ = {isa = PBXFileReference; lastKnownFileType = sourcecode.swift; path = ExtraLongFactorials.swift; sourceTree = "<group>"; };
		9E1005072B5980120001F776 /* Hackerrank.app */ = {isa = PBXFileReference; explicitFileType = wrapper.application; includeInIndex = 0; path = Hackerrank.app; sourceTree = BUILT_PRODUCTS_DIR; };
		9E10050A2B5980120001F776 /* AppDelegate.swift */ = {isa = PBXFileReference; lastKnownFileType = sourcecode.swift; path = AppDelegate.swift; sourceTree = "<group>"; };
		9E10050C2B5980120001F776 /* SceneDelegate.swift */ = {isa = PBXFileReference; lastKnownFileType = sourcecode.swift; path = SceneDelegate.swift; sourceTree = "<group>"; };
		9E10050E2B5980120001F776 /* ViewController.swift */ = {isa = PBXFileReference; lastKnownFileType = sourcecode.swift; path = ViewController.swift; sourceTree = "<group>"; };
		9E1005112B5980120001F776 /* Base */ = {isa = PBXFileReference; lastKnownFileType = file.storyboard; name = Base; path = Base.lproj/Main.storyboard; sourceTree = "<group>"; };
		9E1005132B5980130001F776 /* Assets.xcassets */ = {isa = PBXFileReference; lastKnownFileType = folder.assetcatalog; path = Assets.xcassets; sourceTree = "<group>"; };
		9E1005162B5980130001F776 /* Base */ = {isa = PBXFileReference; lastKnownFileType = file.storyboard; name = Base; path = Base.lproj/LaunchScreen.storyboard; sourceTree = "<group>"; };
		9E1005182B5980130001F776 /* Info.plist */ = {isa = PBXFileReference; lastKnownFileType = text.plist.xml; path = Info.plist; sourceTree = "<group>"; };
		9E10051E2B59804D0001F776 /* FlippingTheMatrix.swift */ = {isa = PBXFileReference; lastKnownFileType = sourcecode.swift; path = FlippingTheMatrix.swift; sourceTree = "<group>"; };
		9E1005202B59C0A70001F776 /* CaesarsCipher.swift */ = {isa = PBXFileReference; lastKnownFileType = sourcecode.swift; path = CaesarsCipher.swift; sourceTree = "<group>"; };
		9E1005902B5BE4F20001F776 /* String+Extension.swift */ = {isa = PBXFileReference; lastKnownFileType = sourcecode.swift; path = "String+Extension.swift"; sourceTree = "<group>"; };
		9E145FBA2B6FF94200801FC7 /* DrawingBook.swift */ = {isa = PBXFileReference; lastKnownFileType = sourcecode.swift; path = DrawingBook.swift; sourceTree = "<group>"; };
		9E145FBC2B703C9000801FC7 /* Sudoku2.swift */ = {isa = PBXFileReference; lastKnownFileType = sourcecode.swift; path = Sudoku2.swift; sourceTree = "<group>"; };
		9E145FBE2B70444200801FC7 /* Encryption.swift */ = {isa = PBXFileReference; lastKnownFileType = sourcecode.swift; path = Encryption.swift; sourceTree = "<group>"; };
		9E145FC22B707EE200801FC7 /* CountingValleys.swift */ = {isa = PBXFileReference; lastKnownFileType = sourcecode.swift; path = CountingValleys.swift; sourceTree = "<group>"; };
		9E2738BF2B7AA9AA0082116E /* AreSimilar.swift */ = {isa = PBXFileReference; lastKnownFileType = sourcecode.swift; path = AreSimilar.swift; sourceTree = "<group>"; };
		9E2738C12B7AC5930082116E /* ArrayChange.swift */ = {isa = PBXFileReference; lastKnownFileType = sourcecode.swift; path = ArrayChange.swift; sourceTree = "<group>"; };
		9E2738C32B7AC8140082116E /* PalindromeRearranging.swift */ = {isa = PBXFileReference; lastKnownFileType = sourcecode.swift; path = PalindromeRearranging.swift; sourceTree = "<group>"; };
		9E2738C52B7AD2080082116E /* AreEquallyStrong.swift */ = {isa = PBXFileReference; lastKnownFileType = sourcecode.swift; path = AreEquallyStrong.swift; sourceTree = "<group>"; };
		9E2738C72B7AF60C0082116E /* SameTextAgainAndAgain.swift */ = {isa = PBXFileReference; lastKnownFileType = sourcecode.swift; path = SameTextAgainAndAgain.swift; sourceTree = "<group>"; };
		9E2738C92B7AFA730082116E /* BackreferencesToFailedGroups.swift */ = {isa = PBXFileReference; lastKnownFileType = sourcecode.swift; path = BackreferencesToFailedGroups.swift; sourceTree = "<group>"; };
		9E2738CB2B7AFCAF0082116E /* BranchResetGroups.swift */ = {isa = PBXFileReference; lastKnownFileType = sourcecode.swift; path = BranchResetGroups.swift; sourceTree = "<group>"; };
		9E2738CD2B7AFE0D0082116E /* ForwardReferences.swift */ = {isa = PBXFileReference; lastKnownFileType = sourcecode.swift; path = ForwardReferences.swift; sourceTree = "<group>"; };
		9E2B7D802B688C89005C84C7 /* AppleAndOrange.swift */ = {isa = PBXFileReference; lastKnownFileType = sourcecode.swift; path = AppleAndOrange.swift; sourceTree = "<group>"; };
		9E2B7D822B691DCB005C84C7 /* ElectronicsShop.swift */ = {isa = PBXFileReference; lastKnownFileType = sourcecode.swift; path = ElectronicsShop.swift; sourceTree = "<group>"; };
		9E2B7D882B692028005C84C7 /* HackerrankTests.xctest */ = {isa = PBXFileReference; explicitFileType = wrapper.cfbundle; includeInIndex = 0; path = HackerrankTests.xctest; sourceTree = BUILT_PRODUCTS_DIR; };
		9E2B7D8A2B692028005C84C7 /* HackerrankTests.swift */ = {isa = PBXFileReference; lastKnownFileType = sourcecode.swift; path = HackerrankTests.swift; sourceTree = "<group>"; };
		9E309CF22B602F7A00527807 /* NewYearChaos.swift */ = {isa = PBXFileReference; lastKnownFileType = sourcecode.swift; path = NewYearChaos.swift; sourceTree = "<group>"; };
		9E4827B02B84D6840095F74C /* MinimumDistances.swift */ = {isa = PBXFileReference; lastKnownFileType = sourcecode.swift; path = MinimumDistances.swift; sourceTree = "<group>"; };
		9E4827B22B84D9E70095F74C /* DepositProfile.swift */ = {isa = PBXFileReference; lastKnownFileType = sourcecode.swift; path = DepositProfile.swift; sourceTree = "<group>"; };
		9E52410F2B7BD0F60023C5D8 /* DesignerPDFViewer.swift */ = {isa = PBXFileReference; lastKnownFileType = sourcecode.swift; path = DesignerPDFViewer.swift; sourceTree = "<group>"; };
		9E5241112B7BD3F00023C5D8 /* FormingAMagicSquare.swift */ = {isa = PBXFileReference; lastKnownFileType = sourcecode.swift; path = FormingAMagicSquare.swift; sourceTree = "<group>"; };
		9E5241132B7BE3C00023C5D8 /* ArrayMaximalAdjacentDifference.swift */ = {isa = PBXFileReference; lastKnownFileType = sourcecode.swift; path = ArrayMaximalAdjacentDifference.swift; sourceTree = "<group>"; };
		9E5241152B7BE4970023C5D8 /* IsIPV4Address.swift */ = {isa = PBXFileReference; lastKnownFileType = sourcecode.swift; path = IsIPV4Address.swift; sourceTree = "<group>"; };
		9E5241172B7BF10B0023C5D8 /* SecurityFunctions.swift */ = {isa = PBXFileReference; lastKnownFileType = sourcecode.swift; path = SecurityFunctions.swift; sourceTree = "<group>"; };
		9E52411A2B7BF2170023C5D8 /* SecurityFunctionsII.swift */ = {isa = PBXFileReference; lastKnownFileType = sourcecode.swift; path = SecurityFunctionsII.swift; sourceTree = "<group>"; };
		9E52B90E2B81875A00F6B601 /* ChessBoardCellColor.swift */ = {isa = PBXFileReference; lastKnownFileType = sourcecode.swift; path = ChessBoardCellColor.swift; sourceTree = "<group>"; };
		9E52B9102B82509900F6B601 /* DetectHTMLLinks.swift */ = {isa = PBXFileReference; lastKnownFileType = sourcecode.swift; path = DetectHTMLLinks.swift; sourceTree = "<group>"; };
		9E5F160E2B74E4BF00C0F29A /* MergeTwoLinkedLists.swift */ = {isa = PBXFileReference; lastKnownFileType = sourcecode.swift; path = MergeTwoLinkedLists.swift; sourceTree = "<group>"; };
		9E5F16102B74ECE900C0F29A /* BeautifulDaysAtTheMovies.swift */ = {isa = PBXFileReference; lastKnownFileType = sourcecode.swift; path = BeautifulDaysAtTheMovies.swift; sourceTree = "<group>"; };
		9E5F16122B7549AF00C0F29A /* FindDigits.swift */ = {isa = PBXFileReference; lastKnownFileType = sourcecode.swift; path = FindDigits.swift; sourceTree = "<group>"; };
		9E5F16142B754AAD00C0F29A /* CutTheSticks.swift */ = {isa = PBXFileReference; lastKnownFileType = sourcecode.swift; path = CutTheSticks.swift; sourceTree = "<group>"; };
		9E64B50C2B5C22EF004A062A /* TowerBreakers.swift */ = {isa = PBXFileReference; lastKnownFileType = sourcecode.swift; path = TowerBreakers.swift; sourceTree = "<group>"; };
		9E64B50E2B5C7063004A062A /* PalindromeIndex.swift */ = {isa = PBXFileReference; lastKnownFileType = sourcecode.swift; path = PalindromeIndex.swift; sourceTree = "<group>"; };
		9E663BEF2B62F2F300B9ACC5 /* GradingStudents.swift */ = {isa = PBXFileReference; lastKnownFileType = sourcecode.swift; path = GradingStudents.swift; sourceTree = "<group>"; };
		9E663BF12B6302F300B9ACC5 /* DynamicArray.swift */ = {isa = PBXFileReference; lastKnownFileType = sourcecode.swift; path = DynamicArray.swift; sourceTree = "<group>"; };
		9E663BF32B632A3400B9ACC5 /* LeftRotation.swift */ = {isa = PBXFileReference; lastKnownFileType = sourcecode.swift; path = LeftRotation.swift; sourceTree = "<group>"; };
		9E663BF52B64188100B9ACC5 /* QueueUsingTwoStacks.swift */ = {isa = PBXFileReference; lastKnownFileType = sourcecode.swift; path = QueueUsingTwoStacks.swift; sourceTree = "<group>"; };
		9E663BF92B648FB300B9ACC5 /* BreakingRecords.swift */ = {isa = PBXFileReference; lastKnownFileType = sourcecode.swift; path = BreakingRecords.swift; sourceTree = "<group>"; };
		9E689B1A2B7D57D0003066A4 /* Minesweeper.swift */ = {isa = PBXFileReference; lastKnownFileType = sourcecode.swift; path = Minesweeper.swift; sourceTree = "<group>"; };
		9E689B1C2B7D5C60003066A4 /* AddTwoDigits.swift */ = {isa = PBXFileReference; lastKnownFileType = sourcecode.swift; path = AddTwoDigits.swift; sourceTree = "<group>"; };
		9E6D05AD2B7A8F470057A5CB /* AlternativeMatching.swift */ = {isa = PBXFileReference; lastKnownFileType = sourcecode.swift; path = AlternativeMatching.swift; sourceTree = "<group>"; };
		9E6D05AF2B7A94460057A5CB /* PickingNumbers.swift */ = {isa = PBXFileReference; lastKnownFileType = sourcecode.swift; path = PickingNumbers.swift; sourceTree = "<group>"; };
		9E6DBD452B764B3100BFDEA6 /* CircularArrayRotation.swift */ = {isa = PBXFileReference; lastKnownFileType = sourcecode.swift; path = CircularArrayRotation.swift; sourceTree = "<group>"; };
		9E6DBD482B76886600BFDEA6 /* GoodVsEvil.swift */ = {isa = PBXFileReference; lastKnownFileType = sourcecode.swift; path = GoodVsEvil.swift; sourceTree = "<group>"; };
		9E6DBD4A2B76CAD800BFDEA6 /* TwoSum.swift */ = {isa = PBXFileReference; lastKnownFileType = sourcecode.swift; path = TwoSum.swift; sourceTree = "<group>"; };
		9E6DBD4E2B76EC3300BFDEA6 /* ListNode.swift */ = {isa = PBXFileReference; lastKnownFileType = sourcecode.swift; path = ListNode.swift; sourceTree = "<group>"; };
		9E71B6E02B6BEB200045A927 /* SubarrayDivision.swift */ = {isa = PBXFileReference; lastKnownFileType = sourcecode.swift; path = SubarrayDivision.swift; sourceTree = "<group>"; };
		9E71B6E22B6BF28E0045A927 /* DivisibleSumPairs.swift */ = {isa = PBXFileReference; lastKnownFileType = sourcecode.swift; path = DivisibleSumPairs.swift; sourceTree = "<group>"; };
		9E772DC42B69743A00074446 /* MinimumAbsoluteDifference.swift */ = {isa = PBXFileReference; lastKnownFileType = sourcecode.swift; path = MinimumAbsoluteDifference.swift; sourceTree = "<group>"; };
		9E7890822B61A08B001F9FD6 /* TrackTour.swift */ = {isa = PBXFileReference; lastKnownFileType = sourcecode.swift; path = TrackTour.swift; sourceTree = "<group>"; };
		9E7890842B61A925001F9FD6 /* AVeryBigSum.swift */ = {isa = PBXFileReference; lastKnownFileType = sourcecode.swift; path = AVeryBigSum.swift; sourceTree = "<group>"; };
		9E7890862B61AA64001F9FD6 /* CompareTheTriplets.swift */ = {isa = PBXFileReference; lastKnownFileType = sourcecode.swift; path = CompareTheTriplets.swift; sourceTree = "<group>"; };
		9E7890882B61AB52001F9FD6 /* PlusMinus.swift */ = {isa = PBXFileReference; lastKnownFileType = sourcecode.swift; path = PlusMinus.swift; sourceTree = "<group>"; };
		9E78908A2B61EA8C001F9FD6 /* Staircase.swift */ = {isa = PBXFileReference; lastKnownFileType = sourcecode.swift; path = Staircase.swift; sourceTree = "<group>"; };
		9E78908C2B61EC7C001F9FD6 /* MiniMaxSum.swift */ = {isa = PBXFileReference; lastKnownFileType = sourcecode.swift; path = MiniMaxSum.swift; sourceTree = "<group>"; };
		9E78908E2B61EDCD001F9FD6 /* TimeConversion.swift */ = {isa = PBXFileReference; lastKnownFileType = sourcecode.swift; path = TimeConversion.swift; sourceTree = "<group>"; };
		9E7890902B61EE57001F9FD6 /* BirthdayCakeCandles.swift */ = {isa = PBXFileReference; lastKnownFileType = sourcecode.swift; path = BirthdayCakeCandles.swift; sourceTree = "<group>"; };
		9E833DF42B712908006222DB /* LinkedList.swift */ = {isa = PBXFileReference; lastKnownFileType = sourcecode.swift; path = LinkedList.swift; sourceTree = "<group>"; };
		9E833DF62B712B3F006222DB /* MergeTwoSortedLinkedLists.swift */ = {isa = PBXFileReference; lastKnownFileType = sourcecode.swift; path = MergeTwoSortedLinkedLists.swift; sourceTree = "<group>"; };
		9E833DF82B7133BF006222DB /* Pairs.swift */ = {isa = PBXFileReference; lastKnownFileType = sourcecode.swift; path = Pairs.swift; sourceTree = "<group>"; };
		9E833DFA2B714197006222DB /* IsCryptSolution.swift */ = {isa = PBXFileReference; lastKnownFileType = sourcecode.swift; path = IsCryptSolution.swift; sourceTree = "<group>"; };
		9E833DFE2B717356006222DB /* CatsAndAMouse.swift */ = {isa = PBXFileReference; lastKnownFileType = sourcecode.swift; path = CatsAndAMouse.swift; sourceTree = "<group>"; };
		9E833E022B71C225006222DB /* RemoveKFromList.swift */ = {isa = PBXFileReference; lastKnownFileType = sourcecode.swift; path = RemoveKFromList.swift; sourceTree = "<group>"; };
		9E833E062B726D81006222DB /* LonelyInteger.swift */ = {isa = PBXFileReference; lastKnownFileType = sourcecode.swift; path = LonelyInteger.swift; sourceTree = "<group>"; };
		9E833E082B726E88006222DB /* MaximizingXOR.swift */ = {isa = PBXFileReference; lastKnownFileType = sourcecode.swift; path = MaximizingXOR.swift; sourceTree = "<group>"; };
		9E833E0C2B72895A006222DB /* IsListPalindrome.swift */ = {isa = PBXFileReference; lastKnownFileType = sourcecode.swift; path = IsListPalindrome.swift; sourceTree = "<group>"; };
		9E833E0E2B729D9C006222DB /* UtopianTree.swift */ = {isa = PBXFileReference; lastKnownFileType = sourcecode.swift; path = UtopianTree.swift; sourceTree = "<group>"; };
		9E833E102B72ADC4006222DB /* QueensAttack2.swift */ = {isa = PBXFileReference; lastKnownFileType = sourcecode.swift; path = QueensAttack2.swift; sourceTree = "<group>"; };
		9E833E122B731D96006222DB /* HurdleRace.swift */ = {isa = PBXFileReference; lastKnownFileType = sourcecode.swift; path = HurdleRace.swift; sourceTree = "<group>"; };
		9E833E142B73A2CF006222DB /* AngryProfessor.swift */ = {isa = PBXFileReference; lastKnownFileType = sourcecode.swift; path = AngryProfessor.swift; sourceTree = "<group>"; };
		9E84C5302B6966C100E5C6A4 /* NumberLineJumps.swift */ = {isa = PBXFileReference; lastKnownFileType = sourcecode.swift; path = NumberLineJumps.swift; sourceTree = "<group>"; };
		9E94EF152B94B6F20046E481 /* GrowingPlant.swift */ = {isa = PBXFileReference; lastKnownFileType = sourcecode.swift; path = GrowingPlant.swift; sourceTree = "<group>"; };
		9E9CB13F2B8E0BD2005E90FB /* EvenZerosAndOddOnes.swift */ = {isa = PBXFileReference; lastKnownFileType = sourcecode.swift; path = EvenZerosAndOddOnes.swift; sourceTree = "<group>"; };
		9EA022EC2B7BF4A6008D3D12 /* SecurityBijectiveFunctions.swift */ = {isa = PBXFileReference; lastKnownFileType = sourcecode.swift; path = SecurityBijectiveFunctions.swift; sourceTree = "<group>"; };
		9EA023082B7C3696008D3D12 /* AvoidObstacles.swift */ = {isa = PBXFileReference; lastKnownFileType = sourcecode.swift; path = AvoidObstacles.swift; sourceTree = "<group>"; };
		9EA0230A2B7C3B3C008D3D12 /* BoxBlur.swift */ = {isa = PBXFileReference; lastKnownFileType = sourcecode.swift; path = BoxBlur.swift; sourceTree = "<group>"; };
		9EA0230C2B7C4C99008D3D12 /* ViralAdvertising.swift */ = {isa = PBXFileReference; lastKnownFileType = sourcecode.swift; path = ViralAdvertising.swift; sourceTree = "<group>"; };
		9EA0230E2B7C4FDC008D3D12 /* SaveThePrisoner.swift */ = {isa = PBXFileReference; lastKnownFileType = sourcecode.swift; path = SaveThePrisoner.swift; sourceTree = "<group>"; };
		9EA0D33F2B978E2700F68045 /* DigitDegree.swift */ = {isa = PBXFileReference; lastKnownFileType = sourcecode.swift; path = DigitDegree.swift; sourceTree = "<group>"; };
		9EA1CAD02B73E8A300B32BB7 /* AddTwoHugeNumbers.swift */ = {isa = PBXFileReference; lastKnownFileType = sourcecode.swift; path = AddTwoHugeNumbers.swift; sourceTree = "<group>"; };
		9EA2AB472B86A3C800F49CEB /* AbsoluteValuesSumMinimization.swift */ = {isa = PBXFileReference; lastKnownFileType = sourcecode.swift; path = AbsoluteValuesSumMinimization.swift; sourceTree = "<group>"; };
		9EA2AB492B8C022C00F49CEB /* AlienUsername.swift */ = {isa = PBXFileReference; lastKnownFileType = sourcecode.swift; path = AlienUsername.swift; sourceTree = "<group>"; };
		9EAF9E602B77A4880079764C /* SequenceEquation.swift */ = {isa = PBXFileReference; lastKnownFileType = sourcecode.swift; path = SequenceEquation.swift; sourceTree = "<group>"; };
		9EAF9E622B77CAF30079764C /* NewRoadSystem.swift */ = {isa = PBXFileReference; lastKnownFileType = sourcecode.swift; path = NewRoadSystem.swift; sourceTree = "<group>"; };
		9EAF9E642B77DBEE0079764C /* RoadsBuilding.swift */ = {isa = PBXFileReference; lastKnownFileType = sourcecode.swift; path = RoadsBuilding.swift; sourceTree = "<group>"; };
		9EAF9E662B77DF010079764C /* DigitalRoot.swift */ = {isa = PBXFileReference; lastKnownFileType = sourcecode.swift; path = DigitalRoot.swift; sourceTree = "<group>"; };
		9EAF9E6A2B77E1080079764C /* Int+Extension.swift */ = {isa = PBXFileReference; lastKnownFileType = sourcecode.swift; path = "Int+Extension.swift"; sourceTree = "<group>"; };
		9EAF9E6C2B77E27A0079764C /* SumOfTwoSmallestIntegers.swift */ = {isa = PBXFileReference; lastKnownFileType = sourcecode.swift; path = SumOfTwoSmallestIntegers.swift; sourceTree = "<group>"; };
		9EAF9E6E2B77FA7B0079764C /* AdjacentElementsProduct.swift */ = {isa = PBXFileReference; lastKnownFileType = sourcecode.swift; path = AdjacentElementsProduct.swift; sourceTree = "<group>"; };
		9EAF9E702B77FB200079764C /* ShapeArea.swift */ = {isa = PBXFileReference; lastKnownFileType = sourcecode.swift; path = ShapeArea.swift; sourceTree = "<group>"; };
		9EAF9E722B77FE300079764C /* MakeArrayConsecutive2.swift */ = {isa = PBXFileReference; lastKnownFileType = sourcecode.swift; path = MakeArrayConsecutive2.swift; sourceTree = "<group>"; };
		9EAF9E742B77FF800079764C /* AlmostIncreasingSequence.swift */ = {isa = PBXFileReference; lastKnownFileType = sourcecode.swift; path = AlmostIncreasingSequence.swift; sourceTree = "<group>"; };
		9EAF9E762B7804A70079764C /* MatrixElementsSum.swift */ = {isa = PBXFileReference; lastKnownFileType = sourcecode.swift; path = MatrixElementsSum.swift; sourceTree = "<group>"; };
		9EAF9E782B7806FB0079764C /* AllLongestStrings.swift */ = {isa = PBXFileReference; lastKnownFileType = sourcecode.swift; path = AllLongestStrings.swift; sourceTree = "<group>"; };
		9EAF9E7A2B7833DA0079764C /* CommonCharacterCount.swift */ = {isa = PBXFileReference; lastKnownFileType = sourcecode.swift; path = CommonCharacterCount.swift; sourceTree = "<group>"; };
		9EAF9E7C2B78437A0079764C /* IsLucky.swift */ = {isa = PBXFileReference; lastKnownFileType = sourcecode.swift; path = IsLucky.swift; sourceTree = "<group>"; };
		9EAF9E7E2B7846130079764C /* SortByHeight.swift */ = {isa = PBXFileReference; lastKnownFileType = sourcecode.swift; name = SortByHeight.swift; path = Hackerrank/CodeSignal/SortByHeight.swift; sourceTree = SOURCE_ROOT; };
		9EAF9E802B784AD50079764C /* ReverseInParentheses.swift */ = {isa = PBXFileReference; lastKnownFileType = sourcecode.swift; path = ReverseInParentheses.swift; sourceTree = "<group>"; };
		9EAF9E822B78503C0079764C /* Queue.swift */ = {isa = PBXFileReference; lastKnownFileType = sourcecode.swift; path = Queue.swift; sourceTree = "<group>"; };
		9EAF9E842B78E1260079764C /* NSRegularExpression+Extension.swift */ = {isa = PBXFileReference; lastKnownFileType = sourcecode.swift; path = "NSRegularExpression+Extension.swift"; sourceTree = "<group>"; };
		9EAF9E862B78E8180079764C /* AnythingButANewLine.swift */ = {isa = PBXFileReference; lastKnownFileType = sourcecode.swift; path = AnythingButANewLine.swift; sourceTree = "<group>"; };
		9EAF9E892B78E84C0079764C /* RegexProblem.swift */ = {isa = PBXFileReference; lastKnownFileType = sourcecode.swift; path = RegexProblem.swift; sourceTree = "<group>"; };
		9EAF9E8B2B78F6F20079764C /* DigitsAndNonDigitsCharacters.swift */ = {isa = PBXFileReference; lastKnownFileType = sourcecode.swift; path = DigitsAndNonDigitsCharacters.swift; sourceTree = "<group>"; };
		9EAF9E8D2B78F9000079764C /* WhitespaceAndNonWhitespaceCharacter.swift */ = {isa = PBXFileReference; lastKnownFileType = sourcecode.swift; path = WhitespaceAndNonWhitespaceCharacter.swift; sourceTree = "<group>"; };
		9EAF9E8F2B78F9C40079764C /* WordAndNonWordCharacter.swift */ = {isa = PBXFileReference; lastKnownFileType = sourcecode.swift; path = WordAndNonWordCharacter.swift; sourceTree = "<group>"; };
		9EAF9E912B78FAA70079764C /* StartAndEnd.swift */ = {isa = PBXFileReference; lastKnownFileType = sourcecode.swift; path = StartAndEnd.swift; sourceTree = "<group>"; };
		9EAF9E932B78FBE60079764C /* SpecificCharacters.swift */ = {isa = PBXFileReference; lastKnownFileType = sourcecode.swift; path = SpecificCharacters.swift; sourceTree = "<group>"; };
		9EAF9E952B78FDCD0079764C /* DayOfTheProgrammer.swift */ = {isa = PBXFileReference; lastKnownFileType = sourcecode.swift; path = DayOfTheProgrammer.swift; sourceTree = "<group>"; };
		9EAF9E972B790CB60079764C /* AlternatingSums.swift */ = {isa = PBXFileReference; lastKnownFileType = sourcecode.swift; path = AlternatingSums.swift; sourceTree = "<group>"; };
		9EAF9E992B790DF70079764C /* AddBorder.swift */ = {isa = PBXFileReference; lastKnownFileType = sourcecode.swift; path = AddBorder.swift; sourceTree = "<group>"; };
		9EAF9E9D2B7916740079764C /* ExcludingSpecificCharacters.swift */ = {isa = PBXFileReference; lastKnownFileType = sourcecode.swift; path = ExcludingSpecificCharacters.swift; sourceTree = "<group>"; };
		9EAF9E9F2B791BD40079764C /* CharacterRanges.swift */ = {isa = PBXFileReference; lastKnownFileType = sourcecode.swift; path = CharacterRanges.swift; sourceTree = "<group>"; };
		9EAF9EA12B79211E0079764C /* MatchingXRepetitions.swift */ = {isa = PBXFileReference; lastKnownFileType = sourcecode.swift; path = MatchingXRepetitions.swift; sourceTree = "<group>"; };
		9EAF9EA32B7928860079764C /* MatchingXYRepetitions.swift */ = {isa = PBXFileReference; lastKnownFileType = sourcecode.swift; path = MatchingXYRepetitions.swift; sourceTree = "<group>"; };
		9EAF9EA52B792A140079764C /* ZeroOrMoreRepetitions.swift */ = {isa = PBXFileReference; lastKnownFileType = sourcecode.swift; path = ZeroOrMoreRepetitions.swift; sourceTree = "<group>"; };
		9EAF9EA72B7941520079764C /* OneOrMoreRepetitions.swift */ = {isa = PBXFileReference; lastKnownFileType = sourcecode.swift; path = OneOrMoreRepetitions.swift; sourceTree = "<group>"; };
		9EAF9EA92B7942330079764C /* EndingItems.swift */ = {isa = PBXFileReference; lastKnownFileType = sourcecode.swift; path = EndingItems.swift; sourceTree = "<group>"; };
		9EAF9EAB2B7943790079764C /* SplitThePhoneNumbers.swift */ = {isa = PBXFileReference; lastKnownFileType = sourcecode.swift; path = SplitThePhoneNumbers.swift; sourceTree = "<group>"; };
		9EAF9EB02B799EC40079764C /* WordBoundaries.swift */ = {isa = PBXFileReference; lastKnownFileType = sourcecode.swift; path = WordBoundaries.swift; sourceTree = "<group>"; };
		9EAF9EB22B79A31A0079764C /* CapturingAndNonCapturingGroups.swift */ = {isa = PBXFileReference; lastKnownFileType = sourcecode.swift; path = CapturingAndNonCapturingGroups.swift; sourceTree = "<group>"; };
		9EBE207A2B65E18100FA5C62 /* DiagonalDifference.swift */ = {isa = PBXFileReference; fileEncoding = 4; lastKnownFileType = sourcecode.swift; path = DiagonalDifference.swift; sourceTree = "<group>"; };
		9EDE68C22B5F0D8700BC50A3 /* GridChallenge.swift */ = {isa = PBXFileReference; lastKnownFileType = sourcecode.swift; path = GridChallenge.swift; sourceTree = "<group>"; };
		9EDE68C42B5FE06800BC50A3 /* RecursiveDigitSum.swift */ = {isa = PBXFileReference; lastKnownFileType = sourcecode.swift; path = RecursiveDigitSum.swift; sourceTree = "<group>"; };
		9EE0CECE2B6D52C000D27AFA /* BalancedBrackets.swift */ = {isa = PBXFileReference; lastKnownFileType = sourcecode.swift; path = BalancedBrackets.swift; sourceTree = "<group>"; };
		9EE0CED22B6D542900D27AFA /* Stack.swift */ = {isa = PBXFileReference; lastKnownFileType = sourcecode.swift; path = Stack.swift; sourceTree = "<group>"; };
		9EE0CED42B6E4D4200D27AFA /* MigratoryBirds.swift */ = {isa = PBXFileReference; lastKnownFileType = sourcecode.swift; path = MigratoryBirds.swift; sourceTree = "<group>"; };
		9EE0CED82B6F1ACC00D27AFA /* BillDivision.swift */ = {isa = PBXFileReference; lastKnownFileType = sourcecode.swift; path = BillDivision.swift; sourceTree = "<group>"; };
		9EE0CEDA2B6FA2ED00D27AFA /* FirstDuplicate.swift */ = {isa = PBXFileReference; lastKnownFileType = sourcecode.swift; path = FirstDuplicate.swift; sourceTree = "<group>"; };
		9EE0CEE02B6FA4DE00D27AFA /* FirstNotRepeatingCharacter.swift */ = {isa = PBXFileReference; lastKnownFileType = sourcecode.swift; path = FirstNotRepeatingCharacter.swift; sourceTree = "<group>"; };
		9EE0CEE22B6FA80800D27AFA /* CenturyFromYear.swift */ = {isa = PBXFileReference; lastKnownFileType = sourcecode.swift; path = CenturyFromYear.swift; sourceTree = "<group>"; };
		9EE0CEE42B6FA92D00D27AFA /* CheckPalindrome.swift */ = {isa = PBXFileReference; lastKnownFileType = sourcecode.swift; path = CheckPalindrome.swift; sourceTree = "<group>"; };
		9EE0CEE62B6FAD9D00D27AFA /* SalesByMatch.swift */ = {isa = PBXFileReference; lastKnownFileType = sourcecode.swift; path = SalesByMatch.swift; sourceTree = "<group>"; };
		9EE0CEE82B6FCDE700D27AFA /* RotateMatrix.swift */ = {isa = PBXFileReference; lastKnownFileType = sourcecode.swift; path = RotateMatrix.swift; sourceTree = "<group>"; };
		9EE2344E2B7FD74500EBF20E /* VariableName.swift */ = {isa = PBXFileReference; lastKnownFileType = sourcecode.swift; path = VariableName.swift; sourceTree = "<group>"; };
		9EE234502B7FDA3300EBF20E /* EqualizeTheArray.swift */ = {isa = PBXFileReference; lastKnownFileType = sourcecode.swift; path = EqualizeTheArray.swift; sourceTree = "<group>"; };
		9EE234522B7FDBA700EBF20E /* BeautifulTriplets.swift */ = {isa = PBXFileReference; lastKnownFileType = sourcecode.swift; path = BeautifulTriplets.swift; sourceTree = "<group>"; };
		9EE234542B804A6500EBF20E /* DetectHTMLTags.swift */ = {isa = PBXFileReference; lastKnownFileType = sourcecode.swift; path = DetectHTMLTags.swift; sourceTree = "<group>"; };
		9EE234562B81690100EBF20E /* LibraryFines.swift */ = {isa = PBXFileReference; lastKnownFileType = sourcecode.swift; path = LibraryFines.swift; sourceTree = "<group>"; };
		9EE234582B816AFD00EBF20E /* AlphabeticShift.swift */ = {isa = PBXFileReference; lastKnownFileType = sourcecode.swift; path = AlphabeticShift.swift; sourceTree = "<group>"; };
		9EE31C602B6AB04A00B69E9E /* BetweenTwoSets.swift */ = {isa = PBXFileReference; lastKnownFileType = sourcecode.swift; path = BetweenTwoSets.swift; sourceTree = "<group>"; };
		9EE31C632B6AB33400B69E9E /* Array+Extension.swift */ = {isa = PBXFileReference; lastKnownFileType = sourcecode.swift; path = "Array+Extension.swift"; sourceTree = "<group>"; };
		9EE59ADE2B839D250095B729 /* CircleOfNumbers.swift */ = {isa = PBXFileReference; lastKnownFileType = sourcecode.swift; path = CircleOfNumbers.swift; sourceTree = "<group>"; };
		9EE59AE02B839F690095B729 /* HalloweenSale.swift */ = {isa = PBXFileReference; lastKnownFileType = sourcecode.swift; path = HalloweenSale.swift; sourceTree = "<group>"; };
		9EE914D22B94B9EE0000D8CF /* ClimbingTheLeaderboard.swift */ = {isa = PBXFileReference; lastKnownFileType = sourcecode.swift; path = ClimbingTheLeaderboard.swift; sourceTree = "<group>"; };
		9EEC741B2B7DA1C9005AC64D /* PositiveLookahead.swift */ = {isa = PBXFileReference; lastKnownFileType = sourcecode.swift; path = PositiveLookahead.swift; sourceTree = "<group>"; };
		9EEC741D2B7DA2F0005AC64D /* NegativeLookahead.swift */ = {isa = PBXFileReference; lastKnownFileType = sourcecode.swift; path = NegativeLookahead.swift; sourceTree = "<group>"; };
		9EEC741F2B7DA687005AC64D /* PositiveLookbehind.swift */ = {isa = PBXFileReference; lastKnownFileType = sourcecode.swift; path = PositiveLookbehind.swift; sourceTree = "<group>"; };
		9EEC74212B7DA785005AC64D /* NegativeLookbehind.swift */ = {isa = PBXFileReference; lastKnownFileType = sourcecode.swift; path = NegativeLookbehind.swift; sourceTree = "<group>"; };
/* End PBXFileReference section */

/* Begin PBXFrameworksBuildPhase section */
		9E1005042B5980120001F776 /* Frameworks */ = {
			isa = PBXFrameworksBuildPhase;
			buildActionMask = 2147483647;
			files = (
			);
			runOnlyForDeploymentPostprocessing = 0;
		};
		9E2B7D852B692028005C84C7 /* Frameworks */ = {
			isa = PBXFrameworksBuildPhase;
			buildActionMask = 2147483647;
			files = (
			);
			runOnlyForDeploymentPostprocessing = 0;
		};
/* End PBXFrameworksBuildPhase section */

/* Begin PBXGroup section */
		9E1004FE2B5980120001F776 = {
			isa = PBXGroup;
			children = (
				9E1005092B5980120001F776 /* Hackerrank */,
				9E2B7D892B692028005C84C7 /* HackerrankTests */,
				9E1005082B5980120001F776 /* Products */,
			);
			sourceTree = "<group>";
		};
		9E1005082B5980120001F776 /* Products */ = {
			isa = PBXGroup;
			children = (
				9E1005072B5980120001F776 /* Hackerrank.app */,
				9E2B7D882B692028005C84C7 /* HackerrankTests.xctest */,
			);
			name = Products;
			sourceTree = "<group>";
		};
		9E1005092B5980120001F776 /* Hackerrank */ = {
			isa = PBXGroup;
			children = (
				9E10050E2B5980120001F776 /* ViewController.swift */,
				9E6DBD472B76885400BFDEA6 /* CodeWars */,
				9EE0CEDF2B6FA49800D27AFA /* DataStructures */,
				9EE31C622B6AB31D00B69E9E /* Extensions */,
				9EE0CEDE2B6FA47A00D27AFA /* HackerRank */,
				9EE0CEDD2B6FA46C00D27AFA /* CodeSignal */,
				9E1005102B5980120001F776 /* Main.storyboard */,
				9E1005132B5980130001F776 /* Assets.xcassets */,
				9E1005152B5980130001F776 /* LaunchScreen.storyboard */,
				9E1005182B5980130001F776 /* Info.plist */,
			);
			path = Hackerrank;
			sourceTree = "<group>";
		};
		9E2B7D892B692028005C84C7 /* HackerrankTests */ = {
			isa = PBXGroup;
			children = (
				9E2B7D8A2B692028005C84C7 /* HackerrankTests.swift */,
			);
			path = HackerrankTests;
			sourceTree = "<group>";
		};
		9E5241192B7BF13C0023C5D8 /* Security */ = {
			isa = PBXGroup;
			children = (
				9E5241172B7BF10B0023C5D8 /* SecurityFunctions.swift */,
				9E52411A2B7BF2170023C5D8 /* SecurityFunctionsII.swift */,
				9EA022EC2B7BF4A6008D3D12 /* SecurityBijectiveFunctions.swift */,
			);
			path = Security;
			sourceTree = "<group>";
		};
		9E6DBD472B76885400BFDEA6 /* CodeWars */ = {
			isa = PBXGroup;
			children = (
				9E6DBD482B76886600BFDEA6 /* GoodVsEvil.swift */,
				9E6DBD4A2B76CAD800BFDEA6 /* TwoSum.swift */,
				9EAF9E662B77DF010079764C /* DigitalRoot.swift */,
				9EAF9E6C2B77E27A0079764C /* SumOfTwoSmallestIntegers.swift */,
			);
			path = CodeWars;
			sourceTree = "<group>";
		};
		9EAF9E882B78E8300079764C /* Regex */ = {
			isa = PBXGroup;
			children = (
				9EAF9E862B78E8180079764C /* AnythingButANewLine.swift */,
				9EAF9E8D2B78F9000079764C /* WhitespaceAndNonWhitespaceCharacter.swift */,
				9EAF9E8F2B78F9C40079764C /* WordAndNonWordCharacter.swift */,
				9EAF9E912B78FAA70079764C /* StartAndEnd.swift */,
				9EAF9E8B2B78F6F20079764C /* DigitsAndNonDigitsCharacters.swift */,
				9EAF9E892B78E84C0079764C /* RegexProblem.swift */,
				9EAF9E932B78FBE60079764C /* SpecificCharacters.swift */,
				9EAF9E9D2B7916740079764C /* ExcludingSpecificCharacters.swift */,
				9EAF9E9F2B791BD40079764C /* CharacterRanges.swift */,
				9EAF9EA12B79211E0079764C /* MatchingXRepetitions.swift */,
				9EAF9EA32B7928860079764C /* MatchingXYRepetitions.swift */,
				9EAF9EA52B792A140079764C /* ZeroOrMoreRepetitions.swift */,
				9EAF9EA72B7941520079764C /* OneOrMoreRepetitions.swift */,
				9EAF9EA92B7942330079764C /* EndingItems.swift */,
				9EAF9EB02B799EC40079764C /* WordBoundaries.swift */,
				9EAF9EB22B79A31A0079764C /* CapturingAndNonCapturingGroups.swift */,
				9EAF9EAB2B7943790079764C /* SplitThePhoneNumbers.swift */,
				9E6D05AD2B7A8F470057A5CB /* AlternativeMatching.swift */,
				9E2738C72B7AF60C0082116E /* SameTextAgainAndAgain.swift */,
				9E2738C92B7AFA730082116E /* BackreferencesToFailedGroups.swift */,
				9E2738CB2B7AFCAF0082116E /* BranchResetGroups.swift */,
				9E2738CD2B7AFE0D0082116E /* ForwardReferences.swift */,
				9EEC741B2B7DA1C9005AC64D /* PositiveLookahead.swift */,
				9EEC741D2B7DA2F0005AC64D /* NegativeLookahead.swift */,
				9EEC741F2B7DA687005AC64D /* PositiveLookbehind.swift */,
				9EEC74212B7DA785005AC64D /* NegativeLookbehind.swift */,
				9EE234542B804A6500EBF20E /* DetectHTMLTags.swift */,
				9E52B9102B82509900F6B601 /* DetectHTMLLinks.swift */,
				9EA2AB492B8C022C00F49CEB /* AlienUsername.swift */,
				9E9CB13F2B8E0BD2005E90FB /* EvenZerosAndOddOnes.swift */,
				9E0442BD2B8FC73400D7CB14 /* DetectEmailAddresses.swift */,
			);
			path = Regex;
			sourceTree = "<group>";
		};
		9EE0CEDD2B6FA46C00D27AFA /* CodeSignal */ = {
			isa = PBXGroup;
			children = (
				9EAF9E7E2B7846130079764C /* SortByHeight.swift */,
				9EE0CEDA2B6FA2ED00D27AFA /* FirstDuplicate.swift */,
				9EE0CEE02B6FA4DE00D27AFA /* FirstNotRepeatingCharacter.swift */,
				9EE0CEE22B6FA80800D27AFA /* CenturyFromYear.swift */,
				9EE0CEE42B6FA92D00D27AFA /* CheckPalindrome.swift */,
				9EE0CEE82B6FCDE700D27AFA /* RotateMatrix.swift */,
				9E145FBC2B703C9000801FC7 /* Sudoku2.swift */,
				9E833DFA2B714197006222DB /* IsCryptSolution.swift */,
				9E833E022B71C225006222DB /* RemoveKFromList.swift */,
				9E833E0C2B72895A006222DB /* IsListPalindrome.swift */,
				9EA1CAD02B73E8A300B32BB7 /* AddTwoHugeNumbers.swift */,
				9E5F160E2B74E4BF00C0F29A /* MergeTwoLinkedLists.swift */,
				9EAF9E622B77CAF30079764C /* NewRoadSystem.swift */,
				9EAF9E642B77DBEE0079764C /* RoadsBuilding.swift */,
				9EAF9E6E2B77FA7B0079764C /* AdjacentElementsProduct.swift */,
				9EAF9E702B77FB200079764C /* ShapeArea.swift */,
				9EAF9E722B77FE300079764C /* MakeArrayConsecutive2.swift */,
				9EAF9E742B77FF800079764C /* AlmostIncreasingSequence.swift */,
				9EAF9E762B7804A70079764C /* MatrixElementsSum.swift */,
				9EAF9E782B7806FB0079764C /* AllLongestStrings.swift */,
				9EAF9E7A2B7833DA0079764C /* CommonCharacterCount.swift */,
				9EAF9E7C2B78437A0079764C /* IsLucky.swift */,
				9EAF9E802B784AD50079764C /* ReverseInParentheses.swift */,
				9EAF9E972B790CB60079764C /* AlternatingSums.swift */,
				9EAF9E992B790DF70079764C /* AddBorder.swift */,
				9E2738BF2B7AA9AA0082116E /* AreSimilar.swift */,
				9E2738C12B7AC5930082116E /* ArrayChange.swift */,
				9E2738C32B7AC8140082116E /* PalindromeRearranging.swift */,
				9E2738C52B7AD2080082116E /* AreEquallyStrong.swift */,
				9E5241132B7BE3C00023C5D8 /* ArrayMaximalAdjacentDifference.swift */,
				9E5241152B7BE4970023C5D8 /* IsIPV4Address.swift */,
				9EA023082B7C3696008D3D12 /* AvoidObstacles.swift */,
				9EA0230A2B7C3B3C008D3D12 /* BoxBlur.swift */,
				9E689B1A2B7D57D0003066A4 /* Minesweeper.swift */,
				9E689B1C2B7D5C60003066A4 /* AddTwoDigits.swift */,
				9E061C622B7EF1A300C24CC2 /* ArrayReplace.swift */,
				9E061C642B7EF27700C24CC2 /* EvenDigitsOnly.swift */,
				9EE2344E2B7FD74500EBF20E /* VariableName.swift */,
				9EE234582B816AFD00EBF20E /* AlphabeticShift.swift */,
				9E52B90E2B81875A00F6B601 /* ChessBoardCellColor.swift */,
				9EE59ADE2B839D250095B729 /* CircleOfNumbers.swift */,
				9E4827B22B84D9E70095F74C /* DepositProfile.swift */,
				9EA2AB472B86A3C800F49CEB /* AbsoluteValuesSumMinimization.swift */,
				9E0442B22B8F7A0B00D7CB14 /* StringsRearrangement.swift */,
				9E0442F32B94023500D7CB14 /* ExtractEachKth.swift */,
				9E0442F52B94038E00D7CB14 /* FirstDigit.swift */,
				9E0442F72B9406BA00D7CB14 /* DifferentSymbolsNaive.swift */,
				9E0442F92B9407E700D7CB14 /* ArrayMaxConsecutiveSum.swift */,
				9E94EF152B94B6F20046E481 /* GrowingPlant.swift */,
				9E0843922B95DD3C004C8A54 /* KnapsackLight.swift */,
				9E0843942B95E1CA004C8A54 /* LongestDigitPrefix.swift */,
				9EA0D33F2B978E2700F68045 /* DigitDegree.swift */,
			);
			path = CodeSignal;
			sourceTree = "<group>";
		};
		9EE0CEDE2B6FA47A00D27AFA /* HackerRank */ = {
			isa = PBXGroup;
			children = (
				9EBE207A2B65E18100FA5C62 /* DiagonalDifference.swift */,
				9E84C5302B6966C100E5C6A4 /* NumberLineJumps.swift */,
				9E10050A2B5980120001F776 /* AppDelegate.swift */,
				9E10050C2B5980120001F776 /* SceneDelegate.swift */,
				9EDE68C22B5F0D8700BC50A3 /* GridChallenge.swift */,
				9EDE68C42B5FE06800BC50A3 /* RecursiveDigitSum.swift */,
				9E309CF22B602F7A00527807 /* NewYearChaos.swift */,
				9E7890822B61A08B001F9FD6 /* TrackTour.swift */,
				9E7890882B61AB52001F9FD6 /* PlusMinus.swift */,
				9E78908C2B61EC7C001F9FD6 /* MiniMaxSum.swift */,
				9EE0CECE2B6D52C000D27AFA /* BalancedBrackets.swift */,
				9EE0CED42B6E4D4200D27AFA /* MigratoryBirds.swift */,
				9EE0CED82B6F1ACC00D27AFA /* BillDivision.swift */,
				9E78908E2B61EDCD001F9FD6 /* TimeConversion.swift */,
				9E7890902B61EE57001F9FD6 /* BirthdayCakeCandles.swift */,
				9E78908A2B61EA8C001F9FD6 /* Staircase.swift */,
				9E7890842B61A925001F9FD6 /* AVeryBigSum.swift */,
				9E7890862B61AA64001F9FD6 /* CompareTheTriplets.swift */,
				9E71B6E02B6BEB200045A927 /* SubarrayDivision.swift */,
				9E71B6E22B6BF28E0045A927 /* DivisibleSumPairs.swift */,
				9E663BF12B6302F300B9ACC5 /* DynamicArray.swift */,
				9E663BF32B632A3400B9ACC5 /* LeftRotation.swift */,
				9E663BF52B64188100B9ACC5 /* QueueUsingTwoStacks.swift */,
				9E2B7D802B688C89005C84C7 /* AppleAndOrange.swift */,
				9E2B7D822B691DCB005C84C7 /* ElectronicsShop.swift */,
				9E663BF92B648FB300B9ACC5 /* BreakingRecords.swift */,
				9E10051E2B59804D0001F776 /* FlippingTheMatrix.swift */,
				9E1005202B59C0A70001F776 /* CaesarsCipher.swift */,
				9E64B50C2B5C22EF004A062A /* TowerBreakers.swift */,
				9E64B50E2B5C7063004A062A /* PalindromeIndex.swift */,
				9E663BEF2B62F2F300B9ACC5 /* GradingStudents.swift */,
				9E772DC42B69743A00074446 /* MinimumAbsoluteDifference.swift */,
				9EE31C602B6AB04A00B69E9E /* BetweenTwoSets.swift */,
				9EE0CEE62B6FAD9D00D27AFA /* SalesByMatch.swift */,
				9E145FBA2B6FF94200801FC7 /* DrawingBook.swift */,
				9E145FBE2B70444200801FC7 /* Encryption.swift */,
				9E145FC22B707EE200801FC7 /* CountingValleys.swift */,
				9E833DF62B712B3F006222DB /* MergeTwoSortedLinkedLists.swift */,
				9E833DF82B7133BF006222DB /* Pairs.swift */,
				9E833DFE2B717356006222DB /* CatsAndAMouse.swift */,
				9E833E062B726D81006222DB /* LonelyInteger.swift */,
				9E833E082B726E88006222DB /* MaximizingXOR.swift */,
				9E833E0E2B729D9C006222DB /* UtopianTree.swift */,
				9E833E102B72ADC4006222DB /* QueensAttack2.swift */,
				9E833E122B731D96006222DB /* HurdleRace.swift */,
				9E833E142B73A2CF006222DB /* AngryProfessor.swift */,
				9E5F16102B74ECE900C0F29A /* BeautifulDaysAtTheMovies.swift */,
				9E5F16122B7549AF00C0F29A /* FindDigits.swift */,
				9E5F16142B754AAD00C0F29A /* CutTheSticks.swift */,
				9E6DBD452B764B3100BFDEA6 /* CircularArrayRotation.swift */,
				9EAF9E602B77A4880079764C /* SequenceEquation.swift */,
				9EAF9E952B78FDCD0079764C /* DayOfTheProgrammer.swift */,
				9E6D05AF2B7A94460057A5CB /* PickingNumbers.swift */,
				9E52410F2B7BD0F60023C5D8 /* DesignerPDFViewer.swift */,
				9E5241112B7BD3F00023C5D8 /* FormingAMagicSquare.swift */,
				9EA0230C2B7C4C99008D3D12 /* ViralAdvertising.swift */,
				9EA0230E2B7C4FDC008D3D12 /* SaveThePrisoner.swift */,
				9EE234502B7FDA3300EBF20E /* EqualizeTheArray.swift */,
				9E061C5E2B7EE9DA00C24CC2 /* JumpingOnClouds.swift */,
				9E061C602B7EEA8D00C24CC2 /* SherlockAndSquares.swift */,
				9EE234522B7FDBA700EBF20E /* BeautifulTriplets.swift */,
				9EE234562B81690100EBF20E /* LibraryFines.swift */,
				9EE59AE02B839F690095B729 /* HalloweenSale.swift */,
				9E0442BF2B900D8500D7CB14 /* BiggerIsGreater.swift */,
				9EAF9E882B78E8300079764C /* Regex */,
				9E5241192B7BF13C0023C5D8 /* Security */,
				9E4827B02B84D6840095F74C /* MinimumDistances.swift */,
				9E0442902B8E725700D7CB14 /* AppendAndDelete.swift */,
				9E0442EA2B9133DE00D7CB14 /* ChocolateFeast.swift */,
				9EE914D22B94B9EE0000D8CF /* ClimbingTheLeaderboard.swift */,
				9E0843A32B9686C3004C8A54 /* ExtraLongFactorials.swift */,
			);
			path = HackerRank;
			sourceTree = "<group>";
		};
		9EE0CEDF2B6FA49800D27AFA /* DataStructures */ = {
			isa = PBXGroup;
			children = (
				9EE0CED22B6D542900D27AFA /* Stack.swift */,
				9EAF9E822B78503C0079764C /* Queue.swift */,
				9E833DF42B712908006222DB /* LinkedList.swift */,
				9E6DBD4E2B76EC3300BFDEA6 /* ListNode.swift */,
			);
			path = DataStructures;
			sourceTree = "<group>";
		};
		9EE31C622B6AB31D00B69E9E /* Extensions */ = {
			isa = PBXGroup;
			children = (
				9E1005902B5BE4F20001F776 /* String+Extension.swift */,
				9EE31C632B6AB33400B69E9E /* Array+Extension.swift */,
				9EAF9E6A2B77E1080079764C /* Int+Extension.swift */,
				9EAF9E842B78E1260079764C /* NSRegularExpression+Extension.swift */,
			);
			path = Extensions;
			sourceTree = "<group>";
		};
/* End PBXGroup section */

/* Begin PBXNativeTarget section */
		9E1005062B5980120001F776 /* Hackerrank */ = {
			isa = PBXNativeTarget;
			buildConfigurationList = 9E10051B2B5980130001F776 /* Build configuration list for PBXNativeTarget "Hackerrank" */;
			buildPhases = (
				9E1005032B5980120001F776 /* Sources */,
				9E1005042B5980120001F776 /* Frameworks */,
				9E1005052B5980120001F776 /* Resources */,
			);
			buildRules = (
			);
			dependencies = (
			);
			name = Hackerrank;
			productName = Hackerrank;
			productReference = 9E1005072B5980120001F776 /* Hackerrank.app */;
			productType = "com.apple.product-type.application";
		};
		9E2B7D872B692028005C84C7 /* HackerrankTests */ = {
			isa = PBXNativeTarget;
			buildConfigurationList = 9E2B7D8E2B692028005C84C7 /* Build configuration list for PBXNativeTarget "HackerrankTests" */;
			buildPhases = (
				9E2B7D842B692028005C84C7 /* Sources */,
				9E2B7D852B692028005C84C7 /* Frameworks */,
				9E2B7D862B692028005C84C7 /* Resources */,
			);
			buildRules = (
			);
			dependencies = (
				9E2B7D8D2B692028005C84C7 /* PBXTargetDependency */,
			);
			name = HackerrankTests;
			productName = HackerrankTests;
			productReference = 9E2B7D882B692028005C84C7 /* HackerrankTests.xctest */;
			productType = "com.apple.product-type.bundle.unit-test";
		};
/* End PBXNativeTarget section */

/* Begin PBXProject section */
		9E1004FF2B5980120001F776 /* Project object */ = {
			isa = PBXProject;
			attributes = {
				BuildIndependentTargetsInParallel = 1;
				LastSwiftUpdateCheck = 1520;
				LastUpgradeCheck = 1520;
				TargetAttributes = {
					9E1005062B5980120001F776 = {
						CreatedOnToolsVersion = 15.2;
					};
					9E2B7D872B692028005C84C7 = {
						CreatedOnToolsVersion = 15.2;
						TestTargetID = 9E1005062B5980120001F776;
					};
				};
			};
			buildConfigurationList = 9E1005022B5980120001F776 /* Build configuration list for PBXProject "Hackerrank" */;
			compatibilityVersion = "Xcode 14.0";
			developmentRegion = en;
			hasScannedForEncodings = 0;
			knownRegions = (
				en,
				Base,
			);
			mainGroup = 9E1004FE2B5980120001F776;
			productRefGroup = 9E1005082B5980120001F776 /* Products */;
			projectDirPath = "";
			projectRoot = "";
			targets = (
				9E1005062B5980120001F776 /* Hackerrank */,
				9E2B7D872B692028005C84C7 /* HackerrankTests */,
			);
		};
/* End PBXProject section */

/* Begin PBXResourcesBuildPhase section */
		9E1005052B5980120001F776 /* Resources */ = {
			isa = PBXResourcesBuildPhase;
			buildActionMask = 2147483647;
			files = (
				9E1005172B5980130001F776 /* LaunchScreen.storyboard in Resources */,
				9E1005142B5980130001F776 /* Assets.xcassets in Resources */,
				9E1005122B5980120001F776 /* Main.storyboard in Resources */,
			);
			runOnlyForDeploymentPostprocessing = 0;
		};
		9E2B7D862B692028005C84C7 /* Resources */ = {
			isa = PBXResourcesBuildPhase;
			buildActionMask = 2147483647;
			files = (
			);
			runOnlyForDeploymentPostprocessing = 0;
		};
/* End PBXResourcesBuildPhase section */

/* Begin PBXSourcesBuildPhase section */
		9E1005032B5980120001F776 /* Sources */ = {
			isa = PBXSourcesBuildPhase;
			buildActionMask = 2147483647;
			files = (
				9E0442912B8E725700D7CB14 /* AppendAndDelete.swift in Sources */,
				9E145FBF2B70444200801FC7 /* Encryption.swift in Sources */,
				9E833DF72B712B3F006222DB /* MergeTwoSortedLinkedLists.swift in Sources */,
				9E833E032B71C225006222DB /* RemoveKFromList.swift in Sources */,
				9E0442F62B94038E00D7CB14 /* FirstDigit.swift in Sources */,
				9E663BF22B6302F300B9ACC5 /* DynamicArray.swift in Sources */,
				9E833E0F2B729D9C006222DB /* UtopianTree.swift in Sources */,
				9E7890872B61AA64001F9FD6 /* CompareTheTriplets.swift in Sources */,
				9E5F160F2B74E4BF00C0F29A /* MergeTwoLinkedLists.swift in Sources */,
				9E0843932B95DD3C004C8A54 /* KnapsackLight.swift in Sources */,
				9EAF9E6B2B77E1080079764C /* Int+Extension.swift in Sources */,
				9E10050F2B5980120001F776 /* ViewController.swift in Sources */,
				9EAF9E772B7804A70079764C /* MatrixElementsSum.swift in Sources */,
				9EAF9E8E2B78F9000079764C /* WhitespaceAndNonWhitespaceCharacter.swift in Sources */,
				9E2738CC2B7AFCB00082116E /* BranchResetGroups.swift in Sources */,
				9EAF9E962B78FDCD0079764C /* DayOfTheProgrammer.swift in Sources */,
				9EE59ADF2B839D250095B729 /* CircleOfNumbers.swift in Sources */,
				9E64B50D2B5C22EF004A062A /* TowerBreakers.swift in Sources */,
				9E1005912B5BE4F20001F776 /* String+Extension.swift in Sources */,
				9E663BFA2B648FB300B9ACC5 /* BreakingRecords.swift in Sources */,
				9E833E132B731D96006222DB /* HurdleRace.swift in Sources */,
				9EDE68C32B5F0D8700BC50A3 /* GridChallenge.swift in Sources */,
				9EAF9E982B790CB60079764C /* AlternatingSums.swift in Sources */,
				9E2738C62B7AD2080082116E /* AreEquallyStrong.swift in Sources */,
				9E52411B2B7BF2170023C5D8 /* SecurityFunctionsII.swift in Sources */,
				9E5241142B7BE3C00023C5D8 /* ArrayMaximalAdjacentDifference.swift in Sources */,
				9EAF9EA22B79211E0079764C /* MatchingXRepetitions.swift in Sources */,
				9EE0CED52B6E4D4200D27AFA /* MigratoryBirds.swift in Sources */,
				9E663BF42B632A3400B9ACC5 /* LeftRotation.swift in Sources */,
				9EDE68C52B5FE06800BC50A3 /* RecursiveDigitSum.swift in Sources */,
				9EAF9E6D2B77E27A0079764C /* SumOfTwoSmallestIntegers.swift in Sources */,
				9E94EF162B94B6F20046E481 /* GrowingPlant.swift in Sources */,
				9E5F16152B754AAD00C0F29A /* CutTheSticks.swift in Sources */,
				9EAF9E7D2B78437A0079764C /* IsLucky.swift in Sources */,
				9E5F16132B7549AF00C0F29A /* FindDigits.swift in Sources */,
				9E2738C02B7AA9AA0082116E /* AreSimilar.swift in Sources */,
				9E5241122B7BD3F00023C5D8 /* FormingAMagicSquare.swift in Sources */,
				9EE31C642B6AB33400B69E9E /* Array+Extension.swift in Sources */,
				9EAF9EB12B799EC40079764C /* WordBoundaries.swift in Sources */,
				9EE234572B81690100EBF20E /* LibraryFines.swift in Sources */,
				9EAF9E792B7806FB0079764C /* AllLongestStrings.swift in Sources */,
				9EA0D3402B978E2700F68045 /* DigitDegree.swift in Sources */,
				9EE0CEE52B6FA92D00D27AFA /* CheckPalindrome.swift in Sources */,
				9E52B90F2B81875A00F6B601 /* ChessBoardCellColor.swift in Sources */,
				9E0442EB2B9133DE00D7CB14 /* ChocolateFeast.swift in Sources */,
				9EAF9EAC2B7943790079764C /* SplitThePhoneNumbers.swift in Sources */,
				9EAF9E7F2B7846130079764C /* SortByHeight.swift in Sources */,
				9E833E0D2B72895A006222DB /* IsListPalindrome.swift in Sources */,
				9EAF9E832B78503C0079764C /* Queue.swift in Sources */,
				9EAF9E712B77FB200079764C /* ShapeArea.swift in Sources */,
				9EAF9E652B77DBEE0079764C /* RoadsBuilding.swift in Sources */,
				9EA2AB482B86A3C800F49CEB /* AbsoluteValuesSumMinimization.swift in Sources */,
				9E6DBD4F2B76EC3300BFDEA6 /* ListNode.swift in Sources */,
				9EA2AB4A2B8C022C00F49CEB /* AlienUsername.swift in Sources */,
				9EE59AE12B839F690095B729 /* HalloweenSale.swift in Sources */,
				9E5241162B7BE4970023C5D8 /* IsIPV4Address.swift in Sources */,
				9E78908F2B61EDCD001F9FD6 /* TimeConversion.swift in Sources */,
				9EAF9EB32B79A31A0079764C /* CapturingAndNonCapturingGroups.swift in Sources */,
				9E4827B32B84D9E70095F74C /* DepositProfile.swift in Sources */,
				9EAF9E9E2B7916740079764C /* ExcludingSpecificCharacters.swift in Sources */,
				9E7890852B61A925001F9FD6 /* AVeryBigSum.swift in Sources */,
				9E0442F82B9406BA00D7CB14 /* DifferentSymbolsNaive.swift in Sources */,
				9E2738CE2B7AFE0D0082116E /* ForwardReferences.swift in Sources */,
				9E145FBD2B703C9000801FC7 /* Sudoku2.swift in Sources */,
				9E4827B12B84D6840095F74C /* MinimumDistances.swift in Sources */,
				9EEC74202B7DA687005AC64D /* PositiveLookbehind.swift in Sources */,
				9E6DBD462B764B3100BFDEA6 /* CircularArrayRotation.swift in Sources */,
				9E64B50F2B5C7063004A062A /* PalindromeIndex.swift in Sources */,
				9E0442FA2B9407E700D7CB14 /* ArrayMaxConsecutiveSum.swift in Sources */,
				9EAF9E672B77DF010079764C /* DigitalRoot.swift in Sources */,
				9EE2344F2B7FD74500EBF20E /* VariableName.swift in Sources */,
				9E309CF32B602F7A00527807 /* NewYearChaos.swift in Sources */,
				9E663BF02B62F2F300B9ACC5 /* GradingStudents.swift in Sources */,
				9E5F16112B74ECE900C0F29A /* BeautifulDaysAtTheMovies.swift in Sources */,
				9EA0230B2B7C3B3C008D3D12 /* BoxBlur.swift in Sources */,
				9E2738C42B7AC8140082116E /* PalindromeRearranging.swift in Sources */,
				9EEC74222B7DA785005AC64D /* NegativeLookbehind.swift in Sources */,
				9EE0CED92B6F1ACC00D27AFA /* BillDivision.swift in Sources */,
				9E061C612B7EEA8D00C24CC2 /* SherlockAndSquares.swift in Sources */,
				9E2738C22B7AC5930082116E /* ArrayChange.swift in Sources */,
				9E689B1B2B7D57D0003066A4 /* Minesweeper.swift in Sources */,
				9E78908B2B61EA8C001F9FD6 /* Staircase.swift in Sources */,
				9EAF9E902B78F9C40079764C /* WordAndNonWordCharacter.swift in Sources */,
				9EAF9E6F2B77FA7B0079764C /* AdjacentElementsProduct.swift in Sources */,
				9E0442BE2B8FC73400D7CB14 /* DetectEmailAddresses.swift in Sources */,
				9E0843952B95E1CA004C8A54 /* LongestDigitPrefix.swift in Sources */,
				9E9CB1402B8E0BD2005E90FB /* EvenZerosAndOddOnes.swift in Sources */,
				9EE0CED32B6D542900D27AFA /* Stack.swift in Sources */,
				9EE0CEDB2B6FA2ED00D27AFA /* FirstDuplicate.swift in Sources */,
				9EAF9EAA2B7942330079764C /* EndingItems.swift in Sources */,
				9EAF9E612B77A4880079764C /* SequenceEquation.swift in Sources */,
				9E689B1D2B7D5C60003066A4 /* AddTwoDigits.swift in Sources */,
				9EAF9E812B784AD50079764C /* ReverseInParentheses.swift in Sources */,
				9EE234592B816AFD00EBF20E /* AlphabeticShift.swift in Sources */,
				9EAF9E9A2B790DF70079764C /* AddBorder.swift in Sources */,
				9EAF9E8C2B78F6F20079764C /* DigitsAndNonDigitsCharacters.swift in Sources */,
				9E061C652B7EF27700C24CC2 /* EvenDigitsOnly.swift in Sources */,
				9E833E072B726D81006222DB /* LonelyInteger.swift in Sources */,
				9E7890912B61EE57001F9FD6 /* BirthdayCakeCandles.swift in Sources */,
				9E1005212B59C0A70001F776 /* CaesarsCipher.swift in Sources */,
				9E0442F42B94023500D7CB14 /* ExtractEachKth.swift in Sources */,
				9E71B6E32B6BF28E0045A927 /* DivisibleSumPairs.swift in Sources */,
				9E10051F2B59804D0001F776 /* FlippingTheMatrix.swift in Sources */,
				9E10050B2B5980120001F776 /* AppDelegate.swift in Sources */,
				9EEC741C2B7DA1C9005AC64D /* PositiveLookahead.swift in Sources */,
				9E6D05B02B7A94460057A5CB /* PickingNumbers.swift in Sources */,
				9EA1CAD12B73E8A300B32BB7 /* AddTwoHugeNumbers.swift in Sources */,
				9E663BF62B64188100B9ACC5 /* QueueUsingTwoStacks.swift in Sources */,
				9EE0CEE72B6FAD9D00D27AFA /* SalesByMatch.swift in Sources */,
				9EAF9EA42B7928860079764C /* MatchingXYRepetitions.swift in Sources */,
				9EAF9E7B2B7833DA0079764C /* CommonCharacterCount.swift in Sources */,
				9E6D05AE2B7A8F470057A5CB /* AlternativeMatching.swift in Sources */,
				9E833E112B72ADC4006222DB /* QueensAttack2.swift in Sources */,
				9E2738CA2B7AFA730082116E /* BackreferencesToFailedGroups.swift in Sources */,
				9EAF9E852B78E1260079764C /* NSRegularExpression+Extension.swift in Sources */,
				9E833DF52B712908006222DB /* LinkedList.swift in Sources */,
				9E145FC32B707EE200801FC7 /* CountingValleys.swift in Sources */,
				9E2738C82B7AF60C0082116E /* SameTextAgainAndAgain.swift in Sources */,
				9EAF9E872B78E8180079764C /* AnythingButANewLine.swift in Sources */,
				9EAF9E732B77FE300079764C /* MakeArrayConsecutive2.swift in Sources */,
				9E0843A42B9686C3004C8A54 /* ExtraLongFactorials.swift in Sources */,
				9E6DBD492B76886600BFDEA6 /* GoodVsEvil.swift in Sources */,
				9EE0CECF2B6D52C000D27AFA /* BalancedBrackets.swift in Sources */,
				9EAF9EA02B791BD40079764C /* CharacterRanges.swift in Sources */,
				9EE0CEE92B6FCDE700D27AFA /* RotateMatrix.swift in Sources */,
				9E061C5F2B7EE9DA00C24CC2 /* JumpingOnClouds.swift in Sources */,
				9EBE207B2B65E18100FA5C62 /* DiagonalDifference.swift in Sources */,
				9E10050D2B5980120001F776 /* SceneDelegate.swift in Sources */,
				9EAF9E942B78FBE60079764C /* SpecificCharacters.swift in Sources */,
				9EE0CEE12B6FA4DE00D27AFA /* FirstNotRepeatingCharacter.swift in Sources */,
				9E833DFF2B717356006222DB /* CatsAndAMouse.swift in Sources */,
				9EAF9E632B77CAF30079764C /* NewRoadSystem.swift in Sources */,
				9EE234552B804A6500EBF20E /* DetectHTMLTags.swift in Sources */,
				9E833DFB2B714197006222DB /* IsCryptSolution.swift in Sources */,
				9E5241102B7BD0F60023C5D8 /* DesignerPDFViewer.swift in Sources */,
				9E2B7D812B688C89005C84C7 /* AppleAndOrange.swift in Sources */,
				9EE234512B7FDA3300EBF20E /* EqualizeTheArray.swift in Sources */,
				9E78908D2B61EC7C001F9FD6 /* MiniMaxSum.swift in Sources */,
				9E833E092B726E88006222DB /* MaximizingXOR.swift in Sources */,
				9E84C5312B6966C100E5C6A4 /* NumberLineJumps.swift in Sources */,
				9EA023092B7C3696008D3D12 /* AvoidObstacles.swift in Sources */,
				9EA022ED2B7BF4A6008D3D12 /* SecurityBijectiveFunctions.swift in Sources */,
				9E52B9112B82509900F6B601 /* DetectHTMLLinks.swift in Sources */,
				9E772DC52B69743A00074446 /* MinimumAbsoluteDifference.swift in Sources */,
				9EEC741E2B7DA2F0005AC64D /* NegativeLookahead.swift in Sources */,
				9EE31C612B6AB04A00B69E9E /* BetweenTwoSets.swift in Sources */,
				9EE234532B7FDBA700EBF20E /* BeautifulTriplets.swift in Sources */,
				9EAF9EA82B7941520079764C /* OneOrMoreRepetitions.swift in Sources */,
				9E7890832B61A08B001F9FD6 /* TrackTour.swift in Sources */,
				9E5241182B7BF10B0023C5D8 /* SecurityFunctions.swift in Sources */,
				9EE914D32B94B9EE0000D8CF /* ClimbingTheLeaderboard.swift in Sources */,
				9EA0230F2B7C4FDC008D3D12 /* SaveThePrisoner.swift in Sources */,
				9EAF9E8A2B78E84C0079764C /* RegexProblem.swift in Sources */,
				9E061C632B7EF1A300C24CC2 /* ArrayReplace.swift in Sources */,
				9EAF9E752B77FF800079764C /* AlmostIncreasingSequence.swift in Sources */,
				9EAF9E922B78FAA70079764C /* StartAndEnd.swift in Sources */,
				9E0442C02B900D8500D7CB14 /* BiggerIsGreater.swift in Sources */,
				9E145FBB2B6FF94200801FC7 /* DrawingBook.swift in Sources */,
				9EAF9EA62B792A140079764C /* ZeroOrMoreRepetitions.swift in Sources */,
				9E833DF92B7133BF006222DB /* Pairs.swift in Sources */,
				9E6DBD4B2B76CAD800BFDEA6 /* TwoSum.swift in Sources */,
				9E0442B32B8F7A0B00D7CB14 /* StringsRearrangement.swift in Sources */,
				9E7890892B61AB52001F9FD6 /* PlusMinus.swift in Sources */,
				9E2B7D832B691DCB005C84C7 /* ElectronicsShop.swift in Sources */,
				9E71B6E12B6BEB200045A927 /* SubarrayDivision.swift in Sources */,
				9EE0CEE32B6FA80800D27AFA /* CenturyFromYear.swift in Sources */,
				9EA0230D2B7C4C99008D3D12 /* ViralAdvertising.swift in Sources */,
				9E833E152B73A2CF006222DB /* AngryProfessor.swift in Sources */,
			);
			runOnlyForDeploymentPostprocessing = 0;
		};
		9E2B7D842B692028005C84C7 /* Sources */ = {
			isa = PBXSourcesBuildPhase;
			buildActionMask = 2147483647;
			files = (
				9E2B7D8B2B692028005C84C7 /* HackerrankTests.swift in Sources */,
			);
			runOnlyForDeploymentPostprocessing = 0;
		};
/* End PBXSourcesBuildPhase section */

/* Begin PBXTargetDependency section */
		9E2B7D8D2B692028005C84C7 /* PBXTargetDependency */ = {
			isa = PBXTargetDependency;
			target = 9E1005062B5980120001F776 /* Hackerrank */;
			targetProxy = 9E2B7D8C2B692028005C84C7 /* PBXContainerItemProxy */;
		};
/* End PBXTargetDependency section */

/* Begin PBXVariantGroup section */
		9E1005102B5980120001F776 /* Main.storyboard */ = {
			isa = PBXVariantGroup;
			children = (
				9E1005112B5980120001F776 /* Base */,
			);
			name = Main.storyboard;
			sourceTree = "<group>";
		};
		9E1005152B5980130001F776 /* LaunchScreen.storyboard */ = {
			isa = PBXVariantGroup;
			children = (
				9E1005162B5980130001F776 /* Base */,
			);
			name = LaunchScreen.storyboard;
			sourceTree = "<group>";
		};
/* End PBXVariantGroup section */

/* Begin XCBuildConfiguration section */
		9E1005192B5980130001F776 /* Debug */ = {
			isa = XCBuildConfiguration;
			buildSettings = {
				ALWAYS_SEARCH_USER_PATHS = NO;
				ASSETCATALOG_COMPILER_GENERATE_SWIFT_ASSET_SYMBOL_EXTENSIONS = YES;
				CLANG_ANALYZER_NONNULL = YES;
				CLANG_ANALYZER_NUMBER_OBJECT_CONVERSION = YES_AGGRESSIVE;
				CLANG_CXX_LANGUAGE_STANDARD = "gnu++20";
				CLANG_ENABLE_MODULES = YES;
				CLANG_ENABLE_OBJC_ARC = YES;
				CLANG_ENABLE_OBJC_WEAK = YES;
				CLANG_WARN_BLOCK_CAPTURE_AUTORELEASING = YES;
				CLANG_WARN_BOOL_CONVERSION = YES;
				CLANG_WARN_COMMA = YES;
				CLANG_WARN_CONSTANT_CONVERSION = YES;
				CLANG_WARN_DEPRECATED_OBJC_IMPLEMENTATIONS = YES;
				CLANG_WARN_DIRECT_OBJC_ISA_USAGE = YES_ERROR;
				CLANG_WARN_DOCUMENTATION_COMMENTS = YES;
				CLANG_WARN_EMPTY_BODY = YES;
				CLANG_WARN_ENUM_CONVERSION = YES;
				CLANG_WARN_INFINITE_RECURSION = YES;
				CLANG_WARN_INT_CONVERSION = YES;
				CLANG_WARN_NON_LITERAL_NULL_CONVERSION = YES;
				CLANG_WARN_OBJC_IMPLICIT_RETAIN_SELF = YES;
				CLANG_WARN_OBJC_LITERAL_CONVERSION = YES;
				CLANG_WARN_OBJC_ROOT_CLASS = YES_ERROR;
				CLANG_WARN_QUOTED_INCLUDE_IN_FRAMEWORK_HEADER = YES;
				CLANG_WARN_RANGE_LOOP_ANALYSIS = YES;
				CLANG_WARN_STRICT_PROTOTYPES = YES;
				CLANG_WARN_SUSPICIOUS_MOVE = YES;
				CLANG_WARN_UNGUARDED_AVAILABILITY = YES_AGGRESSIVE;
				CLANG_WARN_UNREACHABLE_CODE = YES;
				CLANG_WARN__DUPLICATE_METHOD_MATCH = YES;
				COPY_PHASE_STRIP = NO;
				DEBUG_INFORMATION_FORMAT = dwarf;
				ENABLE_STRICT_OBJC_MSGSEND = YES;
				ENABLE_TESTABILITY = YES;
				ENABLE_USER_SCRIPT_SANDBOXING = YES;
				GCC_C_LANGUAGE_STANDARD = gnu17;
				GCC_DYNAMIC_NO_PIC = NO;
				GCC_NO_COMMON_BLOCKS = YES;
				GCC_OPTIMIZATION_LEVEL = 0;
				GCC_PREPROCESSOR_DEFINITIONS = (
					"DEBUG=1",
					"$(inherited)",
				);
				GCC_WARN_64_TO_32_BIT_CONVERSION = YES;
				GCC_WARN_ABOUT_RETURN_TYPE = YES_ERROR;
				GCC_WARN_UNDECLARED_SELECTOR = YES;
				GCC_WARN_UNINITIALIZED_AUTOS = YES_AGGRESSIVE;
				GCC_WARN_UNUSED_FUNCTION = YES;
				GCC_WARN_UNUSED_VARIABLE = YES;
				IPHONEOS_DEPLOYMENT_TARGET = 17.2;
				LOCALIZATION_PREFERS_STRING_CATALOGS = YES;
				MTL_ENABLE_DEBUG_INFO = INCLUDE_SOURCE;
				MTL_FAST_MATH = YES;
				ONLY_ACTIVE_ARCH = YES;
				SDKROOT = iphoneos;
				SWIFT_ACTIVE_COMPILATION_CONDITIONS = "DEBUG $(inherited)";
				SWIFT_OPTIMIZATION_LEVEL = "-Onone";
			};
			name = Debug;
		};
		9E10051A2B5980130001F776 /* Release */ = {
			isa = XCBuildConfiguration;
			buildSettings = {
				ALWAYS_SEARCH_USER_PATHS = NO;
				ASSETCATALOG_COMPILER_GENERATE_SWIFT_ASSET_SYMBOL_EXTENSIONS = YES;
				CLANG_ANALYZER_NONNULL = YES;
				CLANG_ANALYZER_NUMBER_OBJECT_CONVERSION = YES_AGGRESSIVE;
				CLANG_CXX_LANGUAGE_STANDARD = "gnu++20";
				CLANG_ENABLE_MODULES = YES;
				CLANG_ENABLE_OBJC_ARC = YES;
				CLANG_ENABLE_OBJC_WEAK = YES;
				CLANG_WARN_BLOCK_CAPTURE_AUTORELEASING = YES;
				CLANG_WARN_BOOL_CONVERSION = YES;
				CLANG_WARN_COMMA = YES;
				CLANG_WARN_CONSTANT_CONVERSION = YES;
				CLANG_WARN_DEPRECATED_OBJC_IMPLEMENTATIONS = YES;
				CLANG_WARN_DIRECT_OBJC_ISA_USAGE = YES_ERROR;
				CLANG_WARN_DOCUMENTATION_COMMENTS = YES;
				CLANG_WARN_EMPTY_BODY = YES;
				CLANG_WARN_ENUM_CONVERSION = YES;
				CLANG_WARN_INFINITE_RECURSION = YES;
				CLANG_WARN_INT_CONVERSION = YES;
				CLANG_WARN_NON_LITERAL_NULL_CONVERSION = YES;
				CLANG_WARN_OBJC_IMPLICIT_RETAIN_SELF = YES;
				CLANG_WARN_OBJC_LITERAL_CONVERSION = YES;
				CLANG_WARN_OBJC_ROOT_CLASS = YES_ERROR;
				CLANG_WARN_QUOTED_INCLUDE_IN_FRAMEWORK_HEADER = YES;
				CLANG_WARN_RANGE_LOOP_ANALYSIS = YES;
				CLANG_WARN_STRICT_PROTOTYPES = YES;
				CLANG_WARN_SUSPICIOUS_MOVE = YES;
				CLANG_WARN_UNGUARDED_AVAILABILITY = YES_AGGRESSIVE;
				CLANG_WARN_UNREACHABLE_CODE = YES;
				CLANG_WARN__DUPLICATE_METHOD_MATCH = YES;
				COPY_PHASE_STRIP = NO;
				DEBUG_INFORMATION_FORMAT = "dwarf-with-dsym";
				ENABLE_NS_ASSERTIONS = NO;
				ENABLE_STRICT_OBJC_MSGSEND = YES;
				ENABLE_USER_SCRIPT_SANDBOXING = YES;
				GCC_C_LANGUAGE_STANDARD = gnu17;
				GCC_NO_COMMON_BLOCKS = YES;
				GCC_WARN_64_TO_32_BIT_CONVERSION = YES;
				GCC_WARN_ABOUT_RETURN_TYPE = YES_ERROR;
				GCC_WARN_UNDECLARED_SELECTOR = YES;
				GCC_WARN_UNINITIALIZED_AUTOS = YES_AGGRESSIVE;
				GCC_WARN_UNUSED_FUNCTION = YES;
				GCC_WARN_UNUSED_VARIABLE = YES;
				IPHONEOS_DEPLOYMENT_TARGET = 17.2;
				LOCALIZATION_PREFERS_STRING_CATALOGS = YES;
				MTL_ENABLE_DEBUG_INFO = NO;
				MTL_FAST_MATH = YES;
				SDKROOT = iphoneos;
				SWIFT_COMPILATION_MODE = wholemodule;
				VALIDATE_PRODUCT = YES;
			};
			name = Release;
		};
		9E10051C2B5980130001F776 /* Debug */ = {
			isa = XCBuildConfiguration;
			buildSettings = {
				ASSETCATALOG_COMPILER_APPICON_NAME = AppIcon;
				ASSETCATALOG_COMPILER_GLOBAL_ACCENT_COLOR_NAME = AccentColor;
				CODE_SIGN_STYLE = Automatic;
				CURRENT_PROJECT_VERSION = 1;
				DEVELOPMENT_TEAM = 3AS2PM2F4J;
				GENERATE_INFOPLIST_FILE = YES;
				INFOPLIST_FILE = Hackerrank/Info.plist;
				INFOPLIST_KEY_UIApplicationSupportsIndirectInputEvents = YES;
				INFOPLIST_KEY_UILaunchStoryboardName = LaunchScreen;
				INFOPLIST_KEY_UIMainStoryboardFile = Main;
				INFOPLIST_KEY_UISupportedInterfaceOrientations_iPad = "UIInterfaceOrientationPortrait UIInterfaceOrientationPortraitUpsideDown UIInterfaceOrientationLandscapeLeft UIInterfaceOrientationLandscapeRight";
				INFOPLIST_KEY_UISupportedInterfaceOrientations_iPhone = "UIInterfaceOrientationPortrait UIInterfaceOrientationLandscapeLeft UIInterfaceOrientationLandscapeRight";
				LD_RUNPATH_SEARCH_PATHS = (
					"$(inherited)",
					"@executable_path/Frameworks",
				);
				MARKETING_VERSION = 1.0;
				PRODUCT_BUNDLE_IDENTIFIER = com.humileants.Hackerrank;
				PRODUCT_NAME = "$(TARGET_NAME)";
				SWIFT_EMIT_LOC_STRINGS = YES;
				SWIFT_VERSION = 5.0;
				TARGETED_DEVICE_FAMILY = "1,2";
			};
			name = Debug;
		};
		9E10051D2B5980130001F776 /* Release */ = {
			isa = XCBuildConfiguration;
			buildSettings = {
				ASSETCATALOG_COMPILER_APPICON_NAME = AppIcon;
				ASSETCATALOG_COMPILER_GLOBAL_ACCENT_COLOR_NAME = AccentColor;
				CODE_SIGN_STYLE = Automatic;
				CURRENT_PROJECT_VERSION = 1;
				DEVELOPMENT_TEAM = 3AS2PM2F4J;
				GENERATE_INFOPLIST_FILE = YES;
				INFOPLIST_FILE = Hackerrank/Info.plist;
				INFOPLIST_KEY_UIApplicationSupportsIndirectInputEvents = YES;
				INFOPLIST_KEY_UILaunchStoryboardName = LaunchScreen;
				INFOPLIST_KEY_UIMainStoryboardFile = Main;
				INFOPLIST_KEY_UISupportedInterfaceOrientations_iPad = "UIInterfaceOrientationPortrait UIInterfaceOrientationPortraitUpsideDown UIInterfaceOrientationLandscapeLeft UIInterfaceOrientationLandscapeRight";
				INFOPLIST_KEY_UISupportedInterfaceOrientations_iPhone = "UIInterfaceOrientationPortrait UIInterfaceOrientationLandscapeLeft UIInterfaceOrientationLandscapeRight";
				LD_RUNPATH_SEARCH_PATHS = (
					"$(inherited)",
					"@executable_path/Frameworks",
				);
				MARKETING_VERSION = 1.0;
				PRODUCT_BUNDLE_IDENTIFIER = com.humileants.Hackerrank;
				PRODUCT_NAME = "$(TARGET_NAME)";
				SWIFT_EMIT_LOC_STRINGS = YES;
				SWIFT_VERSION = 5.0;
				TARGETED_DEVICE_FAMILY = "1,2";
			};
			name = Release;
		};
		9E2B7D8F2B692028005C84C7 /* Debug */ = {
			isa = XCBuildConfiguration;
			buildSettings = {
				BUNDLE_LOADER = "$(TEST_HOST)";
				CODE_SIGN_STYLE = Automatic;
				CURRENT_PROJECT_VERSION = 1;
				DEVELOPMENT_TEAM = 3AS2PM2F4J;
				GENERATE_INFOPLIST_FILE = YES;
				MARKETING_VERSION = 1.0;
				PRODUCT_BUNDLE_IDENTIFIER = com.humileants.HackerrankTests;
				PRODUCT_NAME = "$(TARGET_NAME)";
				SWIFT_EMIT_LOC_STRINGS = NO;
				SWIFT_VERSION = 5.0;
				TARGETED_DEVICE_FAMILY = "1,2";
				TEST_HOST = "$(BUILT_PRODUCTS_DIR)/Hackerrank.app/$(BUNDLE_EXECUTABLE_FOLDER_PATH)/Hackerrank";
			};
			name = Debug;
		};
		9E2B7D902B692028005C84C7 /* Release */ = {
			isa = XCBuildConfiguration;
			buildSettings = {
				BUNDLE_LOADER = "$(TEST_HOST)";
				CODE_SIGN_STYLE = Automatic;
				CURRENT_PROJECT_VERSION = 1;
				DEVELOPMENT_TEAM = 3AS2PM2F4J;
				GENERATE_INFOPLIST_FILE = YES;
				MARKETING_VERSION = 1.0;
				PRODUCT_BUNDLE_IDENTIFIER = com.humileants.HackerrankTests;
				PRODUCT_NAME = "$(TARGET_NAME)";
				SWIFT_EMIT_LOC_STRINGS = NO;
				SWIFT_VERSION = 5.0;
				TARGETED_DEVICE_FAMILY = "1,2";
				TEST_HOST = "$(BUILT_PRODUCTS_DIR)/Hackerrank.app/$(BUNDLE_EXECUTABLE_FOLDER_PATH)/Hackerrank";
			};
			name = Release;
		};
/* End XCBuildConfiguration section */

/* Begin XCConfigurationList section */
		9E1005022B5980120001F776 /* Build configuration list for PBXProject "Hackerrank" */ = {
			isa = XCConfigurationList;
			buildConfigurations = (
				9E1005192B5980130001F776 /* Debug */,
				9E10051A2B5980130001F776 /* Release */,
			);
			defaultConfigurationIsVisible = 0;
			defaultConfigurationName = Release;
		};
		9E10051B2B5980130001F776 /* Build configuration list for PBXNativeTarget "Hackerrank" */ = {
			isa = XCConfigurationList;
			buildConfigurations = (
				9E10051C2B5980130001F776 /* Debug */,
				9E10051D2B5980130001F776 /* Release */,
			);
			defaultConfigurationIsVisible = 0;
			defaultConfigurationName = Release;
		};
		9E2B7D8E2B692028005C84C7 /* Build configuration list for PBXNativeTarget "HackerrankTests" */ = {
			isa = XCConfigurationList;
			buildConfigurations = (
				9E2B7D8F2B692028005C84C7 /* Debug */,
				9E2B7D902B692028005C84C7 /* Release */,
			);
			defaultConfigurationIsVisible = 0;
			defaultConfigurationName = Release;
		};
/* End XCConfigurationList section */
	};
	rootObject = 9E1004FF2B5980120001F776 /* Project object */;
}
